// !$*UTF8*$!
{
	archiveVersion = 1;
	classes = {
	};
	objectVersion = 46;
	objects = {

/* Begin PBXBuildFile section */
		1760A58C3967D62015F12845 /* Pods_Everything.framework in Frameworks */ = {isa = PBXBuildFile; fileRef = 47E2A25CA4F8E800C33F05DF /* Pods_Everything.framework */; };
		BF1F97A01D34915C0002AE6A /* UITextField+Blocks.m in Sources */ = {isa = PBXBuildFile; fileRef = BF1F979F1D34915C0002AE6A /* UITextField+Blocks.m */; };
		BF68F1781D363D7800F77FF3 /* NSDictionary+Extension.m in Sources */ = {isa = PBXBuildFile; fileRef = BF68F1771D363D7800F77FF3 /* NSDictionary+Extension.m */; };
		BF68F17C1D36B85800F77FF3 /* WDEditNickNameViewController.m in Sources */ = {isa = PBXBuildFile; fileRef = BF68F17B1D36B85800F77FF3 /* WDEditNickNameViewController.m */; };
		BF68F17F1D36C7AF00F77FF3 /* WDAutographViewController.m in Sources */ = {isa = PBXBuildFile; fileRef = BF68F17E1D36C7AF00F77FF3 /* WDAutographViewController.m */; };
		BF68F1A61D374D3C00F77FF3 /* CCLocationManager.m in Sources */ = {isa = PBXBuildFile; fileRef = BF68F1821D374D3C00F77FF3 /* CCLocationManager.m */; };
		BF68F1A71D374D3C00F77FF3 /* ChooseCityModel.m in Sources */ = {isa = PBXBuildFile; fileRef = BF68F1841D374D3C00F77FF3 /* ChooseCityModel.m */; };
		BF68F1A81D374D3C00F77FF3 /* ChooseCityViewController.m in Sources */ = {isa = PBXBuildFile; fileRef = BF68F1861D374D3C00F77FF3 /* ChooseCityViewController.m */; };
		BF68F1A91D374D3C00F77FF3 /* CLLocation+YCLocation.m in Sources */ = {isa = PBXBuildFile; fileRef = BF68F1881D374D3C00F77FF3 /* CLLocation+YCLocation.m */; };
		BF68F1AA1D374D3C00F77FF3 /* MASCompositeConstraint.m in Sources */ = {isa = PBXBuildFile; fileRef = BF68F18B1D374D3C00F77FF3 /* MASCompositeConstraint.m */; };
		BF68F1AB1D374D3C00F77FF3 /* MASConstraint.m in Sources */ = {isa = PBXBuildFile; fileRef = BF68F18E1D374D3C00F77FF3 /* MASConstraint.m */; };
		BF68F1AC1D374D3C00F77FF3 /* MASConstraintMaker.m in Sources */ = {isa = PBXBuildFile; fileRef = BF68F1901D374D3C00F77FF3 /* MASConstraintMaker.m */; };
		BF68F1AD1D374D3C00F77FF3 /* MASLayoutConstraint.m in Sources */ = {isa = PBXBuildFile; fileRef = BF68F1921D374D3C00F77FF3 /* MASLayoutConstraint.m */; };
		BF68F1AE1D374D3C00F77FF3 /* MASViewAttribute.m in Sources */ = {isa = PBXBuildFile; fileRef = BF68F1961D374D3C00F77FF3 /* MASViewAttribute.m */; };
		BF68F1AF1D374D3C00F77FF3 /* MASViewConstraint.m in Sources */ = {isa = PBXBuildFile; fileRef = BF68F1981D374D3C00F77FF3 /* MASViewConstraint.m */; };
		BF68F1B01D374D3C00F77FF3 /* NSArray+MASAdditions.m in Sources */ = {isa = PBXBuildFile; fileRef = BF68F19A1D374D3C00F77FF3 /* NSArray+MASAdditions.m */; };
		BF68F1B11D374D3C00F77FF3 /* NSLayoutConstraint+MASDebugAdditions.m in Sources */ = {isa = PBXBuildFile; fileRef = BF68F19D1D374D3C00F77FF3 /* NSLayoutConstraint+MASDebugAdditions.m */; };
		BF68F1B21D374D3C00F77FF3 /* View+MASAdditions.m in Sources */ = {isa = PBXBuildFile; fileRef = BF68F19F1D374D3C00F77FF3 /* View+MASAdditions.m */; };
		BF68F1B31D374D3C00F77FF3 /* ViewController+MASAdditions.m in Sources */ = {isa = PBXBuildFile; fileRef = BF68F1A21D374D3C00F77FF3 /* ViewController+MASAdditions.m */; };
		BF68F1B41D374D3C00F77FF3 /* meituan_cities.db in Resources */ = {isa = PBXBuildFile; fileRef = BF68F1A31D374D3C00F77FF3 /* meituan_cities.db */; };
		BF68F1B51D374D3C00F77FF3 /* SqlDataBase.m in Sources */ = {isa = PBXBuildFile; fileRef = BF68F1A51D374D3C00F77FF3 /* SqlDataBase.m */; };
		BF68F1B71D374DB200F77FF3 /* libsqlite3.tbd in Frameworks */ = {isa = PBXBuildFile; fileRef = BF68F1B61D374DB200F77FF3 /* libsqlite3.tbd */; };
		BF9473DD1D2EAA6600D414D9 /* main.m in Sources */ = {isa = PBXBuildFile; fileRef = BF9473DC1D2EAA6600D414D9 /* main.m */; };
<<<<<<< HEAD
=======
		BF9473E01D2EAA6600D414D9 /* WDAppDelegate.m in Sources */ = {isa = PBXBuildFile; fileRef = BF9473DF1D2EAA6600D414D9 /* WDAppDelegate.m */; };
		BF9473E61D2EAA6600D414D9 /* Main.storyboard in Resources */ = {isa = PBXBuildFile; fileRef = BF9473E41D2EAA6600D414D9 /* Main.storyboard */; };
>>>>>>> 583deebec5e73087410d102ac4fbe6ee1a17a408
		BF9473E81D2EAA6600D414D9 /* Assets.xcassets in Resources */ = {isa = PBXBuildFile; fileRef = BF9473E71D2EAA6600D414D9 /* Assets.xcassets */; };
		BF9473EB1D2EAA6600D414D9 /* LaunchScreen.storyboard in Resources */ = {isa = PBXBuildFile; fileRef = BF9473E91D2EAA6600D414D9 /* LaunchScreen.storyboard */; };
		BF9473F61D2EAA6600D414D9 /* EverythingTests.m in Sources */ = {isa = PBXBuildFile; fileRef = BF9473F51D2EAA6600D414D9 /* EverythingTests.m */; };
		BF9474011D2EAA6600D414D9 /* EverythingUITests.m in Sources */ = {isa = PBXBuildFile; fileRef = BF9474001D2EAA6600D414D9 /* EverythingUITests.m */; };
		BFA12B821D41D1EC00E0221B /* WDYearMonthDatePickView.m in Sources */ = {isa = PBXBuildFile; fileRef = BFA12B811D41D1EC00E0221B /* WDYearMonthDatePickView.m */; };
		BFA12B851D41D7A700E0221B /* WDActionSheetViewController.m in Sources */ = {isa = PBXBuildFile; fileRef = BFA12B841D41D7A700E0221B /* WDActionSheetViewController.m */; };
		BFA12B881D41E48E00E0221B /* WDActionSheetPickerView.m in Sources */ = {isa = PBXBuildFile; fileRef = BFA12B871D41E48E00E0221B /* WDActionSheetPickerView.m */; };
		BFA12B8B1D41F91600E0221B /* NSDate+Utilities.m in Sources */ = {isa = PBXBuildFile; fileRef = BFA12B8A1D41F91600E0221B /* NSDate+Utilities.m */; };
		BFA12B9C1D4228F400E0221B /* WDLoginEditView.m in Sources */ = {isa = PBXBuildFile; fileRef = BFA12B9B1D4228F400E0221B /* WDLoginEditView.m */; };
		BFA12B9F1D4228FC00E0221B /* WDLoginViewController.m in Sources */ = {isa = PBXBuildFile; fileRef = BFA12B9E1D4228FC00E0221B /* WDLoginViewController.m */; };
		BFA12BA21D4229EE00E0221B /* WDAlarmClockViewController.m in Sources */ = {isa = PBXBuildFile; fileRef = BFA12BA11D4229EE00E0221B /* WDAlarmClockViewController.m */; };
		BFA12BC31D43116E00E0221B /* WDAlarmClockModel.m in Sources */ = {isa = PBXBuildFile; fileRef = BFA12BC21D43116E00E0221B /* WDAlarmClockModel.m */; };
		BFA12BC61D4314C600E0221B /* WDAlarmClockCell.m in Sources */ = {isa = PBXBuildFile; fileRef = BFA12BC51D4314C600E0221B /* WDAlarmClockCell.m */; };
		BFA12BCA1D43523A00E0221B /* alarm.plist in Resources */ = {isa = PBXBuildFile; fileRef = BFA12BC91D43523A00E0221B /* alarm.plist */; };
		BFA12BCE1D43676900E0221B /* ZJSwitch.m in Sources */ = {isa = PBXBuildFile; fileRef = BFA12BCD1D43676900E0221B /* ZJSwitch.m */; };
		BFA12BD41D43D82C00E0221B /* WDAlarmEditViewController.m in Sources */ = {isa = PBXBuildFile; fileRef = BFA12BD31D43D82C00E0221B /* WDAlarmEditViewController.m */; };
		BFD4E2941D31F7250077AD99 /* WDAppDelegate.m in Sources */ = {isa = PBXBuildFile; fileRef = BFD4E2931D31F7250077AD99 /* WDAppDelegate.m */; };
		BFD4E29B1D31F7350077AD99 /* WDAppFrameTabBarController.m in Sources */ = {isa = PBXBuildFile; fileRef = BFD4E2961D31F7350077AD99 /* WDAppFrameTabBarController.m */; };
		BFD4E29C1D31F7350077AD99 /* WDNavigationController.m in Sources */ = {isa = PBXBuildFile; fileRef = BFD4E2981D31F7350077AD99 /* WDNavigationController.m */; };
		BFD4E29D1D31F7350077AD99 /* WDTableViewController.m in Sources */ = {isa = PBXBuildFile; fileRef = BFD4E29A1D31F7350077AD99 /* WDTableViewController.m */; };
		BFD4E2A01D31F8010077AD99 /* UIBarButtonItem+Extension.m in Sources */ = {isa = PBXBuildFile; fileRef = BFD4E29F1D31F8010077AD99 /* UIBarButtonItem+Extension.m */; };
		BFD4E2A71D320DE50077AD99 /* WDHomeTableViewController.m in Sources */ = {isa = PBXBuildFile; fileRef = BFD4E2A61D320DE50077AD99 /* WDHomeTableViewController.m */; };
		BFD4E2AA1D320E260077AD99 /* WDCalendarTableViewController.m in Sources */ = {isa = PBXBuildFile; fileRef = BFD4E2A91D320E260077AD99 /* WDCalendarTableViewController.m */; };
		BFD4E2AD1D320E440077AD99 /* WDRecordTableViewController.m in Sources */ = {isa = PBXBuildFile; fileRef = BFD4E2AC1D320E440077AD99 /* WDRecordTableViewController.m */; };
		BFD4E2B01D320E5B0077AD99 /* WDMeTableViewController.m in Sources */ = {isa = PBXBuildFile; fileRef = BFD4E2AF1D320E5B0077AD99 /* WDMeTableViewController.m */; };
		BFD4E2B51D325C600077AD99 /* me.plist in Resources */ = {isa = PBXBuildFile; fileRef = BFD4E2B41D325C600077AD99 /* me.plist */; };
		BFD4E2B91D3266950077AD99 /* WDUserTableViewCell.m in Sources */ = {isa = PBXBuildFile; fileRef = BFD4E2B81D3266950077AD99 /* WDUserTableViewCell.m */; };
		BFD4E2BD1D3296BB0077AD99 /* WDUserModel.m in Sources */ = {isa = PBXBuildFile; fileRef = BFD4E2BC1D3296BB0077AD99 /* WDUserModel.m */; };
		BFD4E2C01D329AFC0077AD99 /* UIImageView+Extension.m in Sources */ = {isa = PBXBuildFile; fileRef = BFD4E2BF1D329AFC0077AD99 /* UIImageView+Extension.m */; };
		BFD4E2C31D329BA40077AD99 /* UIImage+Extension.m in Sources */ = {isa = PBXBuildFile; fileRef = BFD4E2C21D329BA40077AD99 /* UIImage+Extension.m */; };
		BFD4E2C71D333D260077AD99 /* WDNetOperation.m in Sources */ = {isa = PBXBuildFile; fileRef = BFD4E2C61D333D260077AD99 /* WDNetOperation.m */; };
		BFD4E2CF1D3380E00077AD99 /* WDProfileViewController.m in Sources */ = {isa = PBXBuildFile; fileRef = BFD4E2CE1D3380E00077AD99 /* WDProfileViewController.m */; };
		BFD4E2EA1D33ACD20077AD99 /* LTInfiniteScrollView.m in Sources */ = {isa = PBXBuildFile; fileRef = BFD4E2E91D33ACD20077AD99 /* LTInfiniteScrollView.m */; };
		BFD4E2ED1D33B1B30077AD99 /* UIButton+Extension.m in Sources */ = {isa = PBXBuildFile; fileRef = BFD4E2EC1D33B1B30077AD99 /* UIButton+Extension.m */; };
		BFD4E2F11D33CB710077AD99 /* WDLabelView.m in Sources */ = {isa = PBXBuildFile; fileRef = BFD4E2F01D33CB710077AD99 /* WDLabelView.m */; };
		BFE313B71D35118A002D6E29 /* Utils.m in Sources */ = {isa = PBXBuildFile; fileRef = BFE313B61D35118A002D6E29 /* Utils.m */; };
		BFE313C21D354869002D6E29 /* SVIndefiniteAnimatedView.m in Sources */ = {isa = PBXBuildFile; fileRef = BFE313BA1D354869002D6E29 /* SVIndefiniteAnimatedView.m */; };
		BFE313C31D354869002D6E29 /* SVProgressAnimatedView.m in Sources */ = {isa = PBXBuildFile; fileRef = BFE313BC1D354869002D6E29 /* SVProgressAnimatedView.m */; };
		BFE313C41D354869002D6E29 /* SVProgressHUD.bundle in Resources */ = {isa = PBXBuildFile; fileRef = BFE313BD1D354869002D6E29 /* SVProgressHUD.bundle */; };
		BFE313C51D354869002D6E29 /* SVProgressHUD.m in Sources */ = {isa = PBXBuildFile; fileRef = BFE313BF1D354869002D6E29 /* SVProgressHUD.m */; };
		BFE313C61D354869002D6E29 /* SVRadialGradientLayer.m in Sources */ = {isa = PBXBuildFile; fileRef = BFE313C11D354869002D6E29 /* SVRadialGradientLayer.m */; };
		BFE313C81D35491E002D6E29 /* QuartzCore.framework in Frameworks */ = {isa = PBXBuildFile; fileRef = BFE313C71D35491E002D6E29 /* QuartzCore.framework */; };
		BFE313CB1D35EE79002D6E29 /* WDCommonTableViewCell.m in Sources */ = {isa = PBXBuildFile; fileRef = BFE313CA1D35EE79002D6E29 /* WDCommonTableViewCell.m */; };
		BFE313CE1D35EEA3002D6E29 /* WDCellModel.m in Sources */ = {isa = PBXBuildFile; fileRef = BFE313CD1D35EEA3002D6E29 /* WDCellModel.m */; };
/* End PBXBuildFile section */

/* Begin PBXContainerItemProxy section */
		BF9473F21D2EAA6600D414D9 /* PBXContainerItemProxy */ = {
			isa = PBXContainerItemProxy;
			containerPortal = BF9473D01D2EAA6600D414D9 /* Project object */;
			proxyType = 1;
			remoteGlobalIDString = BF9473D71D2EAA6600D414D9;
			remoteInfo = Everything;
		};
		BF9473FD1D2EAA6600D414D9 /* PBXContainerItemProxy */ = {
			isa = PBXContainerItemProxy;
			containerPortal = BF9473D01D2EAA6600D414D9 /* Project object */;
			proxyType = 1;
			remoteGlobalIDString = BF9473D71D2EAA6600D414D9;
			remoteInfo = Everything;
		};
/* End PBXContainerItemProxy section */

/* Begin PBXFileReference section */
		0788E0A78F01A0DFA46D6B71 /* Pods-Everything.release.xcconfig */ = {isa = PBXFileReference; includeInIndex = 1; lastKnownFileType = text.xcconfig; name = "Pods-Everything.release.xcconfig"; path = "Pods/Target Support Files/Pods-Everything/Pods-Everything.release.xcconfig"; sourceTree = "<group>"; };
		47E2A25CA4F8E800C33F05DF /* Pods_Everything.framework */ = {isa = PBXFileReference; explicitFileType = wrapper.framework; includeInIndex = 0; path = Pods_Everything.framework; sourceTree = BUILT_PRODUCTS_DIR; };
		BF1F979E1D34915C0002AE6A /* UITextField+Blocks.h */ = {isa = PBXFileReference; fileEncoding = 4; lastKnownFileType = sourcecode.c.h; path = "UITextField+Blocks.h"; sourceTree = "<group>"; };
		BF1F979F1D34915C0002AE6A /* UITextField+Blocks.m */ = {isa = PBXFileReference; fileEncoding = 4; lastKnownFileType = sourcecode.c.objc; path = "UITextField+Blocks.m"; sourceTree = "<group>"; };
		BF68F1761D363D7800F77FF3 /* NSDictionary+Extension.h */ = {isa = PBXFileReference; fileEncoding = 4; lastKnownFileType = sourcecode.c.h; path = "NSDictionary+Extension.h"; sourceTree = "<group>"; };
		BF68F1771D363D7800F77FF3 /* NSDictionary+Extension.m */ = {isa = PBXFileReference; fileEncoding = 4; lastKnownFileType = sourcecode.c.objc; path = "NSDictionary+Extension.m"; sourceTree = "<group>"; };
		BF68F17A1D36B85800F77FF3 /* WDEditNickNameViewController.h */ = {isa = PBXFileReference; fileEncoding = 4; lastKnownFileType = sourcecode.c.h; path = WDEditNickNameViewController.h; sourceTree = "<group>"; };
		BF68F17B1D36B85800F77FF3 /* WDEditNickNameViewController.m */ = {isa = PBXFileReference; fileEncoding = 4; lastKnownFileType = sourcecode.c.objc; path = WDEditNickNameViewController.m; sourceTree = "<group>"; };
		BF68F17D1D36C7AF00F77FF3 /* WDAutographViewController.h */ = {isa = PBXFileReference; fileEncoding = 4; lastKnownFileType = sourcecode.c.h; path = WDAutographViewController.h; sourceTree = "<group>"; };
		BF68F17E1D36C7AF00F77FF3 /* WDAutographViewController.m */ = {isa = PBXFileReference; fileEncoding = 4; lastKnownFileType = sourcecode.c.objc; path = WDAutographViewController.m; sourceTree = "<group>"; };
		BF68F1811D374D3C00F77FF3 /* CCLocationManager.h */ = {isa = PBXFileReference; fileEncoding = 4; lastKnownFileType = sourcecode.c.h; path = CCLocationManager.h; sourceTree = "<group>"; };
		BF68F1821D374D3C00F77FF3 /* CCLocationManager.m */ = {isa = PBXFileReference; fileEncoding = 4; lastKnownFileType = sourcecode.c.objc; path = CCLocationManager.m; sourceTree = "<group>"; };
		BF68F1831D374D3C00F77FF3 /* ChooseCityModel.h */ = {isa = PBXFileReference; fileEncoding = 4; lastKnownFileType = sourcecode.c.h; path = ChooseCityModel.h; sourceTree = "<group>"; };
		BF68F1841D374D3C00F77FF3 /* ChooseCityModel.m */ = {isa = PBXFileReference; fileEncoding = 4; lastKnownFileType = sourcecode.c.objc; path = ChooseCityModel.m; sourceTree = "<group>"; };
		BF68F1851D374D3C00F77FF3 /* ChooseCityViewController.h */ = {isa = PBXFileReference; fileEncoding = 4; lastKnownFileType = sourcecode.c.h; path = ChooseCityViewController.h; sourceTree = "<group>"; };
		BF68F1861D374D3C00F77FF3 /* ChooseCityViewController.m */ = {isa = PBXFileReference; fileEncoding = 4; lastKnownFileType = sourcecode.c.objc; path = ChooseCityViewController.m; sourceTree = "<group>"; };
		BF68F1871D374D3C00F77FF3 /* CLLocation+YCLocation.h */ = {isa = PBXFileReference; fileEncoding = 4; lastKnownFileType = sourcecode.c.h; path = "CLLocation+YCLocation.h"; sourceTree = "<group>"; };
		BF68F1881D374D3C00F77FF3 /* CLLocation+YCLocation.m */ = {isa = PBXFileReference; fileEncoding = 4; lastKnownFileType = sourcecode.c.objc; path = "CLLocation+YCLocation.m"; sourceTree = "<group>"; };
		BF68F18A1D374D3C00F77FF3 /* MASCompositeConstraint.h */ = {isa = PBXFileReference; fileEncoding = 4; lastKnownFileType = sourcecode.c.h; path = MASCompositeConstraint.h; sourceTree = "<group>"; };
		BF68F18B1D374D3C00F77FF3 /* MASCompositeConstraint.m */ = {isa = PBXFileReference; fileEncoding = 4; lastKnownFileType = sourcecode.c.objc; path = MASCompositeConstraint.m; sourceTree = "<group>"; };
		BF68F18C1D374D3C00F77FF3 /* MASConstraint+Private.h */ = {isa = PBXFileReference; fileEncoding = 4; lastKnownFileType = sourcecode.c.h; path = "MASConstraint+Private.h"; sourceTree = "<group>"; };
		BF68F18D1D374D3C00F77FF3 /* MASConstraint.h */ = {isa = PBXFileReference; fileEncoding = 4; lastKnownFileType = sourcecode.c.h; path = MASConstraint.h; sourceTree = "<group>"; };
		BF68F18E1D374D3C00F77FF3 /* MASConstraint.m */ = {isa = PBXFileReference; fileEncoding = 4; lastKnownFileType = sourcecode.c.objc; path = MASConstraint.m; sourceTree = "<group>"; };
		BF68F18F1D374D3C00F77FF3 /* MASConstraintMaker.h */ = {isa = PBXFileReference; fileEncoding = 4; lastKnownFileType = sourcecode.c.h; path = MASConstraintMaker.h; sourceTree = "<group>"; };
		BF68F1901D374D3C00F77FF3 /* MASConstraintMaker.m */ = {isa = PBXFileReference; fileEncoding = 4; lastKnownFileType = sourcecode.c.objc; path = MASConstraintMaker.m; sourceTree = "<group>"; };
		BF68F1911D374D3C00F77FF3 /* MASLayoutConstraint.h */ = {isa = PBXFileReference; fileEncoding = 4; lastKnownFileType = sourcecode.c.h; path = MASLayoutConstraint.h; sourceTree = "<group>"; };
		BF68F1921D374D3C00F77FF3 /* MASLayoutConstraint.m */ = {isa = PBXFileReference; fileEncoding = 4; lastKnownFileType = sourcecode.c.objc; path = MASLayoutConstraint.m; sourceTree = "<group>"; };
		BF68F1931D374D3C00F77FF3 /* Masonry.h */ = {isa = PBXFileReference; fileEncoding = 4; lastKnownFileType = sourcecode.c.h; path = Masonry.h; sourceTree = "<group>"; };
		BF68F1941D374D3C00F77FF3 /* MASUtilities.h */ = {isa = PBXFileReference; fileEncoding = 4; lastKnownFileType = sourcecode.c.h; path = MASUtilities.h; sourceTree = "<group>"; };
		BF68F1951D374D3C00F77FF3 /* MASViewAttribute.h */ = {isa = PBXFileReference; fileEncoding = 4; lastKnownFileType = sourcecode.c.h; path = MASViewAttribute.h; sourceTree = "<group>"; };
		BF68F1961D374D3C00F77FF3 /* MASViewAttribute.m */ = {isa = PBXFileReference; fileEncoding = 4; lastKnownFileType = sourcecode.c.objc; path = MASViewAttribute.m; sourceTree = "<group>"; };
		BF68F1971D374D3C00F77FF3 /* MASViewConstraint.h */ = {isa = PBXFileReference; fileEncoding = 4; lastKnownFileType = sourcecode.c.h; path = MASViewConstraint.h; sourceTree = "<group>"; };
		BF68F1981D374D3C00F77FF3 /* MASViewConstraint.m */ = {isa = PBXFileReference; fileEncoding = 4; lastKnownFileType = sourcecode.c.objc; path = MASViewConstraint.m; sourceTree = "<group>"; };
		BF68F1991D374D3C00F77FF3 /* NSArray+MASAdditions.h */ = {isa = PBXFileReference; fileEncoding = 4; lastKnownFileType = sourcecode.c.h; path = "NSArray+MASAdditions.h"; sourceTree = "<group>"; };
		BF68F19A1D374D3C00F77FF3 /* NSArray+MASAdditions.m */ = {isa = PBXFileReference; fileEncoding = 4; lastKnownFileType = sourcecode.c.objc; path = "NSArray+MASAdditions.m"; sourceTree = "<group>"; };
		BF68F19B1D374D3C00F77FF3 /* NSArray+MASShorthandAdditions.h */ = {isa = PBXFileReference; fileEncoding = 4; lastKnownFileType = sourcecode.c.h; path = "NSArray+MASShorthandAdditions.h"; sourceTree = "<group>"; };
		BF68F19C1D374D3C00F77FF3 /* NSLayoutConstraint+MASDebugAdditions.h */ = {isa = PBXFileReference; fileEncoding = 4; lastKnownFileType = sourcecode.c.h; path = "NSLayoutConstraint+MASDebugAdditions.h"; sourceTree = "<group>"; };
		BF68F19D1D374D3C00F77FF3 /* NSLayoutConstraint+MASDebugAdditions.m */ = {isa = PBXFileReference; fileEncoding = 4; lastKnownFileType = sourcecode.c.objc; path = "NSLayoutConstraint+MASDebugAdditions.m"; sourceTree = "<group>"; };
		BF68F19E1D374D3C00F77FF3 /* View+MASAdditions.h */ = {isa = PBXFileReference; fileEncoding = 4; lastKnownFileType = sourcecode.c.h; path = "View+MASAdditions.h"; sourceTree = "<group>"; };
		BF68F19F1D374D3C00F77FF3 /* View+MASAdditions.m */ = {isa = PBXFileReference; fileEncoding = 4; lastKnownFileType = sourcecode.c.objc; path = "View+MASAdditions.m"; sourceTree = "<group>"; };
		BF68F1A01D374D3C00F77FF3 /* View+MASShorthandAdditions.h */ = {isa = PBXFileReference; fileEncoding = 4; lastKnownFileType = sourcecode.c.h; path = "View+MASShorthandAdditions.h"; sourceTree = "<group>"; };
		BF68F1A11D374D3C00F77FF3 /* ViewController+MASAdditions.h */ = {isa = PBXFileReference; fileEncoding = 4; lastKnownFileType = sourcecode.c.h; path = "ViewController+MASAdditions.h"; sourceTree = "<group>"; };
		BF68F1A21D374D3C00F77FF3 /* ViewController+MASAdditions.m */ = {isa = PBXFileReference; fileEncoding = 4; lastKnownFileType = sourcecode.c.objc; path = "ViewController+MASAdditions.m"; sourceTree = "<group>"; };
		BF68F1A31D374D3C00F77FF3 /* meituan_cities.db */ = {isa = PBXFileReference; lastKnownFileType = file; path = meituan_cities.db; sourceTree = "<group>"; };
		BF68F1A41D374D3C00F77FF3 /* SqlDataBase.h */ = {isa = PBXFileReference; fileEncoding = 4; lastKnownFileType = sourcecode.c.h; path = SqlDataBase.h; sourceTree = "<group>"; };
		BF68F1A51D374D3C00F77FF3 /* SqlDataBase.m */ = {isa = PBXFileReference; fileEncoding = 4; lastKnownFileType = sourcecode.c.objc; path = SqlDataBase.m; sourceTree = "<group>"; };
		BF68F1B61D374DB200F77FF3 /* libsqlite3.tbd */ = {isa = PBXFileReference; lastKnownFileType = "sourcecode.text-based-dylib-definition"; name = libsqlite3.tbd; path = usr/lib/libsqlite3.tbd; sourceTree = SDKROOT; };
		BF9473D81D2EAA6600D414D9 /* EVE.app */ = {isa = PBXFileReference; explicitFileType = wrapper.application; includeInIndex = 0; path = EVE.app; sourceTree = BUILT_PRODUCTS_DIR; };
		BF9473DC1D2EAA6600D414D9 /* main.m */ = {isa = PBXFileReference; lastKnownFileType = sourcecode.c.objc; path = main.m; sourceTree = "<group>"; };
<<<<<<< HEAD
=======
		BF9473DE1D2EAA6600D414D9 /* WDAppDelegate.h */ = {isa = PBXFileReference; lastKnownFileType = sourcecode.c.h; path = WDAppDelegate.h; sourceTree = "<group>"; };
		BF9473DF1D2EAA6600D414D9 /* WDAppDelegate.m */ = {isa = PBXFileReference; lastKnownFileType = sourcecode.c.objc; path = WDAppDelegate.m; sourceTree = "<group>"; };
		BF9473E51D2EAA6600D414D9 /* Base */ = {isa = PBXFileReference; lastKnownFileType = file.storyboard; name = Base; path = Base.lproj/Main.storyboard; sourceTree = "<group>"; };
>>>>>>> 583deebec5e73087410d102ac4fbe6ee1a17a408
		BF9473E71D2EAA6600D414D9 /* Assets.xcassets */ = {isa = PBXFileReference; lastKnownFileType = folder.assetcatalog; path = Assets.xcassets; sourceTree = "<group>"; };
		BF9473EA1D2EAA6600D414D9 /* Base */ = {isa = PBXFileReference; lastKnownFileType = file.storyboard; name = Base; path = Base.lproj/LaunchScreen.storyboard; sourceTree = "<group>"; };
		BF9473EC1D2EAA6600D414D9 /* Info.plist */ = {isa = PBXFileReference; lastKnownFileType = text.plist.xml; path = Info.plist; sourceTree = "<group>"; };
		BF9473F11D2EAA6600D414D9 /* EverythingTests.xctest */ = {isa = PBXFileReference; explicitFileType = wrapper.cfbundle; includeInIndex = 0; path = EverythingTests.xctest; sourceTree = BUILT_PRODUCTS_DIR; };
		BF9473F51D2EAA6600D414D9 /* EverythingTests.m */ = {isa = PBXFileReference; lastKnownFileType = sourcecode.c.objc; path = EverythingTests.m; sourceTree = "<group>"; };
		BF9473F71D2EAA6600D414D9 /* Info.plist */ = {isa = PBXFileReference; lastKnownFileType = text.plist.xml; path = Info.plist; sourceTree = "<group>"; };
		BF9473FC1D2EAA6600D414D9 /* EverythingUITests.xctest */ = {isa = PBXFileReference; explicitFileType = wrapper.cfbundle; includeInIndex = 0; path = EverythingUITests.xctest; sourceTree = BUILT_PRODUCTS_DIR; };
		BF9474001D2EAA6600D414D9 /* EverythingUITests.m */ = {isa = PBXFileReference; lastKnownFileType = sourcecode.c.objc; path = EverythingUITests.m; sourceTree = "<group>"; };
		BF9474021D2EAA6600D414D9 /* Info.plist */ = {isa = PBXFileReference; lastKnownFileType = text.plist.xml; path = Info.plist; sourceTree = "<group>"; };
		BFA12B801D41D1EC00E0221B /* WDYearMonthDatePickView.h */ = {isa = PBXFileReference; fileEncoding = 4; lastKnownFileType = sourcecode.c.h; path = WDYearMonthDatePickView.h; sourceTree = "<group>"; };
		BFA12B811D41D1EC00E0221B /* WDYearMonthDatePickView.m */ = {isa = PBXFileReference; fileEncoding = 4; lastKnownFileType = sourcecode.c.objc; path = WDYearMonthDatePickView.m; sourceTree = "<group>"; };
		BFA12B831D41D7A700E0221B /* WDActionSheetViewController.h */ = {isa = PBXFileReference; fileEncoding = 4; lastKnownFileType = sourcecode.c.h; path = WDActionSheetViewController.h; sourceTree = "<group>"; };
		BFA12B841D41D7A700E0221B /* WDActionSheetViewController.m */ = {isa = PBXFileReference; fileEncoding = 4; lastKnownFileType = sourcecode.c.objc; path = WDActionSheetViewController.m; sourceTree = "<group>"; };
		BFA12B861D41E48E00E0221B /* WDActionSheetPickerView.h */ = {isa = PBXFileReference; fileEncoding = 4; lastKnownFileType = sourcecode.c.h; path = WDActionSheetPickerView.h; sourceTree = "<group>"; };
		BFA12B871D41E48E00E0221B /* WDActionSheetPickerView.m */ = {isa = PBXFileReference; fileEncoding = 4; lastKnownFileType = sourcecode.c.objc; path = WDActionSheetPickerView.m; sourceTree = "<group>"; };
		BFA12B891D41F91600E0221B /* NSDate+Utilities.h */ = {isa = PBXFileReference; fileEncoding = 4; lastKnownFileType = sourcecode.c.h; path = "NSDate+Utilities.h"; sourceTree = "<group>"; };
		BFA12B8A1D41F91600E0221B /* NSDate+Utilities.m */ = {isa = PBXFileReference; fileEncoding = 4; lastKnownFileType = sourcecode.c.objc; path = "NSDate+Utilities.m"; sourceTree = "<group>"; };
		BFA12B9A1D4228F400E0221B /* WDLoginEditView.h */ = {isa = PBXFileReference; fileEncoding = 4; lastKnownFileType = sourcecode.c.h; name = WDLoginEditView.h; path = Login/WDLoginEditView.h; sourceTree = "<group>"; };
		BFA12B9B1D4228F400E0221B /* WDLoginEditView.m */ = {isa = PBXFileReference; fileEncoding = 4; lastKnownFileType = sourcecode.c.objc; name = WDLoginEditView.m; path = Login/WDLoginEditView.m; sourceTree = "<group>"; };
		BFA12B9D1D4228FC00E0221B /* WDLoginViewController.h */ = {isa = PBXFileReference; fileEncoding = 4; lastKnownFileType = sourcecode.c.h; path = WDLoginViewController.h; sourceTree = "<group>"; };
		BFA12B9E1D4228FC00E0221B /* WDLoginViewController.m */ = {isa = PBXFileReference; fileEncoding = 4; lastKnownFileType = sourcecode.c.objc; path = WDLoginViewController.m; sourceTree = "<group>"; };
		BFA12BA01D4229EE00E0221B /* WDAlarmClockViewController.h */ = {isa = PBXFileReference; fileEncoding = 4; lastKnownFileType = sourcecode.c.h; path = WDAlarmClockViewController.h; sourceTree = "<group>"; };
		BFA12BA11D4229EE00E0221B /* WDAlarmClockViewController.m */ = {isa = PBXFileReference; fileEncoding = 4; lastKnownFileType = sourcecode.c.objc; path = WDAlarmClockViewController.m; sourceTree = "<group>"; };
		BFA12BA41D42328100E0221B /* Everything-Bridging-Header.h */ = {isa = PBXFileReference; lastKnownFileType = sourcecode.c.h; path = "Everything-Bridging-Header.h"; sourceTree = "<group>"; };
		BFA12BC11D43116E00E0221B /* WDAlarmClockModel.h */ = {isa = PBXFileReference; fileEncoding = 4; lastKnownFileType = sourcecode.c.h; path = WDAlarmClockModel.h; sourceTree = "<group>"; };
		BFA12BC21D43116E00E0221B /* WDAlarmClockModel.m */ = {isa = PBXFileReference; fileEncoding = 4; lastKnownFileType = sourcecode.c.objc; path = WDAlarmClockModel.m; sourceTree = "<group>"; };
		BFA12BC41D4314C600E0221B /* WDAlarmClockCell.h */ = {isa = PBXFileReference; fileEncoding = 4; lastKnownFileType = sourcecode.c.h; path = WDAlarmClockCell.h; sourceTree = "<group>"; };
		BFA12BC51D4314C600E0221B /* WDAlarmClockCell.m */ = {isa = PBXFileReference; fileEncoding = 4; lastKnownFileType = sourcecode.c.objc; path = WDAlarmClockCell.m; sourceTree = "<group>"; };
		BFA12BC91D43523A00E0221B /* alarm.plist */ = {isa = PBXFileReference; fileEncoding = 4; lastKnownFileType = text.plist.xml; path = alarm.plist; sourceTree = "<group>"; };
		BFA12BCC1D43676900E0221B /* ZJSwitch.h */ = {isa = PBXFileReference; fileEncoding = 4; lastKnownFileType = sourcecode.c.h; path = ZJSwitch.h; sourceTree = "<group>"; };
		BFA12BCD1D43676900E0221B /* ZJSwitch.m */ = {isa = PBXFileReference; fileEncoding = 4; lastKnownFileType = sourcecode.c.objc; path = ZJSwitch.m; sourceTree = "<group>"; };
		BFA12BD21D43D82C00E0221B /* WDAlarmEditViewController.h */ = {isa = PBXFileReference; fileEncoding = 4; lastKnownFileType = sourcecode.c.h; path = WDAlarmEditViewController.h; sourceTree = "<group>"; };
		BFA12BD31D43D82C00E0221B /* WDAlarmEditViewController.m */ = {isa = PBXFileReference; fileEncoding = 4; lastKnownFileType = sourcecode.c.objc; path = WDAlarmEditViewController.m; sourceTree = "<group>"; };
		BFD4E2921D31F7250077AD99 /* WDAppDelegate.h */ = {isa = PBXFileReference; fileEncoding = 4; lastKnownFileType = sourcecode.c.h; name = WDAppDelegate.h; path = Other/WDAppDelegate.h; sourceTree = "<group>"; };
		BFD4E2931D31F7250077AD99 /* WDAppDelegate.m */ = {isa = PBXFileReference; fileEncoding = 4; lastKnownFileType = sourcecode.c.objc; name = WDAppDelegate.m; path = Other/WDAppDelegate.m; sourceTree = "<group>"; };
		BFD4E2951D31F7350077AD99 /* WDAppFrameTabBarController.h */ = {isa = PBXFileReference; fileEncoding = 4; lastKnownFileType = sourcecode.c.h; name = WDAppFrameTabBarController.h; path = Other/WDAppFrameTabBarController.h; sourceTree = "<group>"; };
		BFD4E2961D31F7350077AD99 /* WDAppFrameTabBarController.m */ = {isa = PBXFileReference; fileEncoding = 4; lastKnownFileType = sourcecode.c.objc; name = WDAppFrameTabBarController.m; path = Other/WDAppFrameTabBarController.m; sourceTree = "<group>"; };
		BFD4E2971D31F7350077AD99 /* WDNavigationController.h */ = {isa = PBXFileReference; fileEncoding = 4; lastKnownFileType = sourcecode.c.h; name = WDNavigationController.h; path = Other/WDNavigationController.h; sourceTree = "<group>"; };
		BFD4E2981D31F7350077AD99 /* WDNavigationController.m */ = {isa = PBXFileReference; fileEncoding = 4; lastKnownFileType = sourcecode.c.objc; name = WDNavigationController.m; path = Other/WDNavigationController.m; sourceTree = "<group>"; };
		BFD4E2991D31F7350077AD99 /* WDTableViewController.h */ = {isa = PBXFileReference; fileEncoding = 4; lastKnownFileType = sourcecode.c.h; name = WDTableViewController.h; path = Other/WDTableViewController.h; sourceTree = "<group>"; };
		BFD4E29A1D31F7350077AD99 /* WDTableViewController.m */ = {isa = PBXFileReference; fileEncoding = 4; lastKnownFileType = sourcecode.c.objc; name = WDTableViewController.m; path = Other/WDTableViewController.m; sourceTree = "<group>"; };
		BFD4E29E1D31F8010077AD99 /* UIBarButtonItem+Extension.h */ = {isa = PBXFileReference; fileEncoding = 4; lastKnownFileType = sourcecode.c.h; path = "UIBarButtonItem+Extension.h"; sourceTree = "<group>"; };
		BFD4E29F1D31F8010077AD99 /* UIBarButtonItem+Extension.m */ = {isa = PBXFileReference; fileEncoding = 4; lastKnownFileType = sourcecode.c.objc; path = "UIBarButtonItem+Extension.m"; sourceTree = "<group>"; };
		BFD4E2A11D3203450077AD99 /* PrefixHeader.pch */ = {isa = PBXFileReference; lastKnownFileType = sourcecode.c.h; path = PrefixHeader.pch; sourceTree = "<group>"; };
		BFD4E2A51D320DE50077AD99 /* WDHomeTableViewController.h */ = {isa = PBXFileReference; fileEncoding = 4; lastKnownFileType = sourcecode.c.h; path = WDHomeTableViewController.h; sourceTree = "<group>"; };
		BFD4E2A61D320DE50077AD99 /* WDHomeTableViewController.m */ = {isa = PBXFileReference; fileEncoding = 4; lastKnownFileType = sourcecode.c.objc; path = WDHomeTableViewController.m; sourceTree = "<group>"; };
		BFD4E2A81D320E260077AD99 /* WDCalendarTableViewController.h */ = {isa = PBXFileReference; fileEncoding = 4; lastKnownFileType = sourcecode.c.h; path = WDCalendarTableViewController.h; sourceTree = "<group>"; };
		BFD4E2A91D320E260077AD99 /* WDCalendarTableViewController.m */ = {isa = PBXFileReference; fileEncoding = 4; lastKnownFileType = sourcecode.c.objc; path = WDCalendarTableViewController.m; sourceTree = "<group>"; };
		BFD4E2AB1D320E440077AD99 /* WDRecordTableViewController.h */ = {isa = PBXFileReference; fileEncoding = 4; lastKnownFileType = sourcecode.c.h; path = WDRecordTableViewController.h; sourceTree = "<group>"; };
		BFD4E2AC1D320E440077AD99 /* WDRecordTableViewController.m */ = {isa = PBXFileReference; fileEncoding = 4; lastKnownFileType = sourcecode.c.objc; path = WDRecordTableViewController.m; sourceTree = "<group>"; };
		BFD4E2AE1D320E5B0077AD99 /* WDMeTableViewController.h */ = {isa = PBXFileReference; fileEncoding = 4; lastKnownFileType = sourcecode.c.h; path = WDMeTableViewController.h; sourceTree = "<group>"; };
		BFD4E2AF1D320E5B0077AD99 /* WDMeTableViewController.m */ = {isa = PBXFileReference; fileEncoding = 4; lastKnownFileType = sourcecode.c.objc; path = WDMeTableViewController.m; sourceTree = "<group>"; };
		BFD4E2B11D320E770077AD99 /* GlobalDefines.h */ = {isa = PBXFileReference; lastKnownFileType = sourcecode.c.h; path = GlobalDefines.h; sourceTree = "<group>"; };
		BFD4E2B41D325C600077AD99 /* me.plist */ = {isa = PBXFileReference; fileEncoding = 4; lastKnownFileType = text.plist.xml; path = me.plist; sourceTree = "<group>"; };
		BFD4E2B71D3266950077AD99 /* WDUserTableViewCell.h */ = {isa = PBXFileReference; fileEncoding = 4; lastKnownFileType = sourcecode.c.h; path = WDUserTableViewCell.h; sourceTree = "<group>"; };
		BFD4E2B81D3266950077AD99 /* WDUserTableViewCell.m */ = {isa = PBXFileReference; fileEncoding = 4; lastKnownFileType = sourcecode.c.objc; path = WDUserTableViewCell.m; sourceTree = "<group>"; };
		BFD4E2BB1D3296BB0077AD99 /* WDUserModel.h */ = {isa = PBXFileReference; fileEncoding = 4; lastKnownFileType = sourcecode.c.h; path = WDUserModel.h; sourceTree = "<group>"; };
		BFD4E2BC1D3296BB0077AD99 /* WDUserModel.m */ = {isa = PBXFileReference; fileEncoding = 4; lastKnownFileType = sourcecode.c.objc; path = WDUserModel.m; sourceTree = "<group>"; };
		BFD4E2BE1D329AFC0077AD99 /* UIImageView+Extension.h */ = {isa = PBXFileReference; fileEncoding = 4; lastKnownFileType = sourcecode.c.h; path = "UIImageView+Extension.h"; sourceTree = "<group>"; };
		BFD4E2BF1D329AFC0077AD99 /* UIImageView+Extension.m */ = {isa = PBXFileReference; fileEncoding = 4; lastKnownFileType = sourcecode.c.objc; path = "UIImageView+Extension.m"; sourceTree = "<group>"; };
		BFD4E2C11D329BA40077AD99 /* UIImage+Extension.h */ = {isa = PBXFileReference; fileEncoding = 4; lastKnownFileType = sourcecode.c.h; path = "UIImage+Extension.h"; sourceTree = "<group>"; };
		BFD4E2C21D329BA40077AD99 /* UIImage+Extension.m */ = {isa = PBXFileReference; fileEncoding = 4; lastKnownFileType = sourcecode.c.objc; path = "UIImage+Extension.m"; sourceTree = "<group>"; };
		BFD4E2C51D333D260077AD99 /* WDNetOperation.h */ = {isa = PBXFileReference; fileEncoding = 4; lastKnownFileType = sourcecode.c.h; path = WDNetOperation.h; sourceTree = "<group>"; };
		BFD4E2C61D333D260077AD99 /* WDNetOperation.m */ = {isa = PBXFileReference; fileEncoding = 4; lastKnownFileType = sourcecode.c.objc; path = WDNetOperation.m; sourceTree = "<group>"; };
		BFD4E2CD1D3380E00077AD99 /* WDProfileViewController.h */ = {isa = PBXFileReference; fileEncoding = 4; lastKnownFileType = sourcecode.c.h; path = WDProfileViewController.h; sourceTree = "<group>"; };
		BFD4E2CE1D3380E00077AD99 /* WDProfileViewController.m */ = {isa = PBXFileReference; fileEncoding = 4; lastKnownFileType = sourcecode.c.objc; path = WDProfileViewController.m; sourceTree = "<group>"; };
		BFD4E2E81D33ACD20077AD99 /* LTInfiniteScrollView.h */ = {isa = PBXFileReference; fileEncoding = 4; lastKnownFileType = sourcecode.c.h; path = LTInfiniteScrollView.h; sourceTree = "<group>"; };
		BFD4E2E91D33ACD20077AD99 /* LTInfiniteScrollView.m */ = {isa = PBXFileReference; fileEncoding = 4; lastKnownFileType = sourcecode.c.objc; path = LTInfiniteScrollView.m; sourceTree = "<group>"; };
		BFD4E2EB1D33B1B30077AD99 /* UIButton+Extension.h */ = {isa = PBXFileReference; fileEncoding = 4; lastKnownFileType = sourcecode.c.h; path = "UIButton+Extension.h"; sourceTree = "<group>"; };
		BFD4E2EC1D33B1B30077AD99 /* UIButton+Extension.m */ = {isa = PBXFileReference; fileEncoding = 4; lastKnownFileType = sourcecode.c.objc; path = "UIButton+Extension.m"; sourceTree = "<group>"; };
		BFD4E2EF1D33CB710077AD99 /* WDLabelView.h */ = {isa = PBXFileReference; fileEncoding = 4; lastKnownFileType = sourcecode.c.h; path = WDLabelView.h; sourceTree = "<group>"; };
		BFD4E2F01D33CB710077AD99 /* WDLabelView.m */ = {isa = PBXFileReference; fileEncoding = 4; lastKnownFileType = sourcecode.c.objc; path = WDLabelView.m; sourceTree = "<group>"; };
		BFE313B51D35118A002D6E29 /* Utils.h */ = {isa = PBXFileReference; fileEncoding = 4; lastKnownFileType = sourcecode.c.h; path = Utils.h; sourceTree = "<group>"; };
		BFE313B61D35118A002D6E29 /* Utils.m */ = {isa = PBXFileReference; fileEncoding = 4; lastKnownFileType = sourcecode.c.objc; path = Utils.m; sourceTree = "<group>"; };
		BFE313B91D354869002D6E29 /* SVIndefiniteAnimatedView.h */ = {isa = PBXFileReference; fileEncoding = 4; lastKnownFileType = sourcecode.c.h; path = SVIndefiniteAnimatedView.h; sourceTree = "<group>"; };
		BFE313BA1D354869002D6E29 /* SVIndefiniteAnimatedView.m */ = {isa = PBXFileReference; fileEncoding = 4; lastKnownFileType = sourcecode.c.objc; path = SVIndefiniteAnimatedView.m; sourceTree = "<group>"; };
		BFE313BB1D354869002D6E29 /* SVProgressAnimatedView.h */ = {isa = PBXFileReference; fileEncoding = 4; lastKnownFileType = sourcecode.c.h; path = SVProgressAnimatedView.h; sourceTree = "<group>"; };
		BFE313BC1D354869002D6E29 /* SVProgressAnimatedView.m */ = {isa = PBXFileReference; fileEncoding = 4; lastKnownFileType = sourcecode.c.objc; path = SVProgressAnimatedView.m; sourceTree = "<group>"; };
		BFE313BD1D354869002D6E29 /* SVProgressHUD.bundle */ = {isa = PBXFileReference; lastKnownFileType = "wrapper.plug-in"; path = SVProgressHUD.bundle; sourceTree = "<group>"; };
		BFE313BE1D354869002D6E29 /* SVProgressHUD.h */ = {isa = PBXFileReference; fileEncoding = 4; lastKnownFileType = sourcecode.c.h; path = SVProgressHUD.h; sourceTree = "<group>"; };
		BFE313BF1D354869002D6E29 /* SVProgressHUD.m */ = {isa = PBXFileReference; fileEncoding = 4; lastKnownFileType = sourcecode.c.objc; path = SVProgressHUD.m; sourceTree = "<group>"; };
		BFE313C01D354869002D6E29 /* SVRadialGradientLayer.h */ = {isa = PBXFileReference; fileEncoding = 4; lastKnownFileType = sourcecode.c.h; path = SVRadialGradientLayer.h; sourceTree = "<group>"; };
		BFE313C11D354869002D6E29 /* SVRadialGradientLayer.m */ = {isa = PBXFileReference; fileEncoding = 4; lastKnownFileType = sourcecode.c.objc; path = SVRadialGradientLayer.m; sourceTree = "<group>"; };
		BFE313C71D35491E002D6E29 /* QuartzCore.framework */ = {isa = PBXFileReference; lastKnownFileType = wrapper.framework; name = QuartzCore.framework; path = System/Library/Frameworks/QuartzCore.framework; sourceTree = SDKROOT; };
		BFE313C91D35EE79002D6E29 /* WDCommonTableViewCell.h */ = {isa = PBXFileReference; fileEncoding = 4; lastKnownFileType = sourcecode.c.h; path = WDCommonTableViewCell.h; sourceTree = "<group>"; };
		BFE313CA1D35EE79002D6E29 /* WDCommonTableViewCell.m */ = {isa = PBXFileReference; fileEncoding = 4; lastKnownFileType = sourcecode.c.objc; path = WDCommonTableViewCell.m; sourceTree = "<group>"; };
		BFE313CC1D35EEA3002D6E29 /* WDCellModel.h */ = {isa = PBXFileReference; fileEncoding = 4; lastKnownFileType = sourcecode.c.h; path = WDCellModel.h; sourceTree = "<group>"; };
		BFE313CD1D35EEA3002D6E29 /* WDCellModel.m */ = {isa = PBXFileReference; fileEncoding = 4; lastKnownFileType = sourcecode.c.objc; path = WDCellModel.m; sourceTree = "<group>"; };
		C78CA0EB9161AFBD1F2E4F5D /* Pods-Everything.debug.xcconfig */ = {isa = PBXFileReference; includeInIndex = 1; lastKnownFileType = text.xcconfig; name = "Pods-Everything.debug.xcconfig"; path = "Pods/Target Support Files/Pods-Everything/Pods-Everything.debug.xcconfig"; sourceTree = "<group>"; };
/* End PBXFileReference section */

/* Begin PBXFrameworksBuildPhase section */
		BF9473D51D2EAA6600D414D9 /* Frameworks */ = {
			isa = PBXFrameworksBuildPhase;
			buildActionMask = 2147483647;
			files = (
				BF68F1B71D374DB200F77FF3 /* libsqlite3.tbd in Frameworks */,
				BFE313C81D35491E002D6E29 /* QuartzCore.framework in Frameworks */,
				1760A58C3967D62015F12845 /* Pods_Everything.framework in Frameworks */,
			);
			runOnlyForDeploymentPostprocessing = 0;
		};
		BF9473EE1D2EAA6600D414D9 /* Frameworks */ = {
			isa = PBXFrameworksBuildPhase;
			buildActionMask = 2147483647;
			files = (
			);
			runOnlyForDeploymentPostprocessing = 0;
		};
		BF9473F91D2EAA6600D414D9 /* Frameworks */ = {
			isa = PBXFrameworksBuildPhase;
			buildActionMask = 2147483647;
			files = (
			);
			runOnlyForDeploymentPostprocessing = 0;
		};
/* End PBXFrameworksBuildPhase section */

/* Begin PBXGroup section */
		898497D833109BFC5F7BBA82 /* Frameworks */ = {
			isa = PBXGroup;
			children = (
				BF68F1B61D374DB200F77FF3 /* libsqlite3.tbd */,
				BFE313C71D35491E002D6E29 /* QuartzCore.framework */,
				47E2A25CA4F8E800C33F05DF /* Pods_Everything.framework */,
			);
			name = Frameworks;
			sourceTree = "<group>";
		};
		9647C8D4ACC140830E8A08C7 /* Pods */ = {
			isa = PBXGroup;
			children = (
				C78CA0EB9161AFBD1F2E4F5D /* Pods-Everything.debug.xcconfig */,
				0788E0A78F01A0DFA46D6B71 /* Pods-Everything.release.xcconfig */,
			);
			name = Pods;
			sourceTree = "<group>";
		};
		BF68F1801D374D3C00F77FF3 /* FJChooseCity */ = {
			isa = PBXGroup;
			children = (
				BF68F1811D374D3C00F77FF3 /* CCLocationManager.h */,
				BF68F1821D374D3C00F77FF3 /* CCLocationManager.m */,
				BF68F1831D374D3C00F77FF3 /* ChooseCityModel.h */,
				BF68F1841D374D3C00F77FF3 /* ChooseCityModel.m */,
				BF68F1851D374D3C00F77FF3 /* ChooseCityViewController.h */,
				BF68F1861D374D3C00F77FF3 /* ChooseCityViewController.m */,
				BF68F1871D374D3C00F77FF3 /* CLLocation+YCLocation.h */,
				BF68F1881D374D3C00F77FF3 /* CLLocation+YCLocation.m */,
				BF68F1891D374D3C00F77FF3 /* Masonry */,
				BF68F1A31D374D3C00F77FF3 /* meituan_cities.db */,
				BF68F1A41D374D3C00F77FF3 /* SqlDataBase.h */,
				BF68F1A51D374D3C00F77FF3 /* SqlDataBase.m */,
			);
			path = FJChooseCity;
			sourceTree = "<group>";
		};
		BF68F1891D374D3C00F77FF3 /* Masonry */ = {
			isa = PBXGroup;
			children = (
				BF68F18A1D374D3C00F77FF3 /* MASCompositeConstraint.h */,
				BF68F18B1D374D3C00F77FF3 /* MASCompositeConstraint.m */,
				BF68F18C1D374D3C00F77FF3 /* MASConstraint+Private.h */,
				BF68F18D1D374D3C00F77FF3 /* MASConstraint.h */,
				BF68F18E1D374D3C00F77FF3 /* MASConstraint.m */,
				BF68F18F1D374D3C00F77FF3 /* MASConstraintMaker.h */,
				BF68F1901D374D3C00F77FF3 /* MASConstraintMaker.m */,
				BF68F1911D374D3C00F77FF3 /* MASLayoutConstraint.h */,
				BF68F1921D374D3C00F77FF3 /* MASLayoutConstraint.m */,
				BF68F1931D374D3C00F77FF3 /* Masonry.h */,
				BF68F1941D374D3C00F77FF3 /* MASUtilities.h */,
				BF68F1951D374D3C00F77FF3 /* MASViewAttribute.h */,
				BF68F1961D374D3C00F77FF3 /* MASViewAttribute.m */,
				BF68F1971D374D3C00F77FF3 /* MASViewConstraint.h */,
				BF68F1981D374D3C00F77FF3 /* MASViewConstraint.m */,
				BF68F1991D374D3C00F77FF3 /* NSArray+MASAdditions.h */,
				BF68F19A1D374D3C00F77FF3 /* NSArray+MASAdditions.m */,
				BF68F19B1D374D3C00F77FF3 /* NSArray+MASShorthandAdditions.h */,
				BF68F19C1D374D3C00F77FF3 /* NSLayoutConstraint+MASDebugAdditions.h */,
				BF68F19D1D374D3C00F77FF3 /* NSLayoutConstraint+MASDebugAdditions.m */,
				BF68F19E1D374D3C00F77FF3 /* View+MASAdditions.h */,
				BF68F19F1D374D3C00F77FF3 /* View+MASAdditions.m */,
				BF68F1A01D374D3C00F77FF3 /* View+MASShorthandAdditions.h */,
				BF68F1A11D374D3C00F77FF3 /* ViewController+MASAdditions.h */,
				BF68F1A21D374D3C00F77FF3 /* ViewController+MASAdditions.m */,
			);
			path = Masonry;
			sourceTree = "<group>";
		};
		BF9473CF1D2EAA6600D414D9 = {
			isa = PBXGroup;
			children = (
				BF9473DA1D2EAA6600D414D9 /* Everything */,
				BF9473F41D2EAA6600D414D9 /* EverythingTests */,
				BF9473FF1D2EAA6600D414D9 /* EverythingUITests */,
				BF9473D91D2EAA6600D414D9 /* Products */,
				9647C8D4ACC140830E8A08C7 /* Pods */,
				898497D833109BFC5F7BBA82 /* Frameworks */,
			);
			sourceTree = "<group>";
		};
		BF9473D91D2EAA6600D414D9 /* Products */ = {
			isa = PBXGroup;
			children = (
				BF9473D81D2EAA6600D414D9 /* EVE.app */,
				BF9473F11D2EAA6600D414D9 /* EverythingTests.xctest */,
				BF9473FC1D2EAA6600D414D9 /* EverythingUITests.xctest */,
			);
			name = Products;
			sourceTree = "<group>";
		};
		BF9473DA1D2EAA6600D414D9 /* Everything */ = {
			isa = PBXGroup;
			children = (
<<<<<<< HEAD
				BFD4E28D1D31F6810077AD99 /* Other */,
				BFD4E27D1D31DE190077AD99 /* Me */,
				BFD4E27E1D31DE190077AD99 /* Record */,
				BFD4E27B1D31DE0E0077AD99 /* Calendar */,
				BFD4E27C1D31DE0E0077AD99 /* Home */,
=======
				BF9473DE1D2EAA6600D414D9 /* WDAppDelegate.h */,
				BF9473DF1D2EAA6600D414D9 /* WDAppDelegate.m */,
				BF9473E41D2EAA6600D414D9 /* Main.storyboard */,
>>>>>>> 583deebec5e73087410d102ac4fbe6ee1a17a408
				BF9473DB1D2EAA6600D414D9 /* Supporting Files */,
			);
			path = Everything;
			sourceTree = "<group>";
		};
		BF9473DB1D2EAA6600D414D9 /* Supporting Files */ = {
			isa = PBXGroup;
			children = (
<<<<<<< HEAD
<<<<<<< HEAD
=======
				BFD4E2B31D325C470077AD99 /* plist */,
>>>>>>> develop
				BFD4E2B21D3210840077AD99 /* Images */,
=======
				BF9473E71D2EAA6600D414D9 /* Assets.xcassets */,
>>>>>>> 583deebec5e73087410d102ac4fbe6ee1a17a408
				BF9473E91D2EAA6600D414D9 /* LaunchScreen.storyboard */,
				BF9473EC1D2EAA6600D414D9 /* Info.plist */,
				BF9473DC1D2EAA6600D414D9 /* main.m */,
			);
			name = "Supporting Files";
			sourceTree = "<group>";
		};
		BF9473F41D2EAA6600D414D9 /* EverythingTests */ = {
			isa = PBXGroup;
			children = (
				BF9473F51D2EAA6600D414D9 /* EverythingTests.m */,
				BF9473F71D2EAA6600D414D9 /* Info.plist */,
			);
			path = EverythingTests;
			sourceTree = "<group>";
		};
		BF9473FF1D2EAA6600D414D9 /* EverythingUITests */ = {
			isa = PBXGroup;
			children = (
				BF9474001D2EAA6600D414D9 /* EverythingUITests.m */,
				BF9474021D2EAA6600D414D9 /* Info.plist */,
			);
			path = EverythingUITests;
			sourceTree = "<group>";
		};
		BFA12B7F1D41D19C00E0221B /* ActionSheetPicker */ = {
			isa = PBXGroup;
			children = (
				BFA12B801D41D1EC00E0221B /* WDYearMonthDatePickView.h */,
				BFA12B811D41D1EC00E0221B /* WDYearMonthDatePickView.m */,
				BFA12B861D41E48E00E0221B /* WDActionSheetPickerView.h */,
				BFA12B871D41E48E00E0221B /* WDActionSheetPickerView.m */,
				BFA12B831D41D7A700E0221B /* WDActionSheetViewController.h */,
				BFA12B841D41D7A700E0221B /* WDActionSheetViewController.m */,
			);
			path = ActionSheetPicker;
			sourceTree = "<group>";
		};
		BFA12B8C1D4227FF00E0221B /* AlarmClock */ = {
			isa = PBXGroup;
			children = (
				BFA12BC01D423A8000E0221B /* Models */,
				BFA12BBF1D423A3800E0221B /* Views */,
				BFA12B911D42281100E0221B /* Controllers */,
			);
			path = AlarmClock;
			sourceTree = "<group>";
		};
		BFA12B8D1D4227FF00E0221B /* Bill */ = {
			isa = PBXGroup;
			children = (
				BFA12B921D42281A00E0221B /* Controllers */,
			);
			path = Bill;
			sourceTree = "<group>";
		};
		BFA12B8E1D4227FF00E0221B /* Setting */ = {
			isa = PBXGroup;
			children = (
				BFA12B931D42282200E0221B /* Controllers */,
			);
			path = Setting;
			sourceTree = "<group>";
		};
		BFA12B8F1D4227FF00E0221B /* Task */ = {
			isa = PBXGroup;
			children = (
				BFA12B941D42282B00E0221B /* Controllers */,
			);
			path = Task;
			sourceTree = "<group>";
		};
		BFA12B901D4227FF00E0221B /* Timeline */ = {
			isa = PBXGroup;
			children = (
				BFA12B951D42283100E0221B /* Controllers */,
			);
			path = Timeline;
			sourceTree = "<group>";
		};
		BFA12B911D42281100E0221B /* Controllers */ = {
			isa = PBXGroup;
			children = (
				BFA12BA01D4229EE00E0221B /* WDAlarmClockViewController.h */,
				BFA12BA11D4229EE00E0221B /* WDAlarmClockViewController.m */,
				BFA12BD21D43D82C00E0221B /* WDAlarmEditViewController.h */,
				BFA12BD31D43D82C00E0221B /* WDAlarmEditViewController.m */,
			);
			name = Controllers;
			sourceTree = "<group>";
		};
		BFA12B921D42281A00E0221B /* Controllers */ = {
			isa = PBXGroup;
			children = (
			);
			name = Controllers;
			sourceTree = "<group>";
		};
		BFA12B931D42282200E0221B /* Controllers */ = {
			isa = PBXGroup;
			children = (
			);
			name = Controllers;
			sourceTree = "<group>";
		};
		BFA12B941D42282B00E0221B /* Controllers */ = {
			isa = PBXGroup;
			children = (
			);
			name = Controllers;
			sourceTree = "<group>";
		};
		BFA12B951D42283100E0221B /* Controllers */ = {
			isa = PBXGroup;
			children = (
			);
			name = Controllers;
			sourceTree = "<group>";
		};
		BFA12B961D42285500E0221B /* Login */ = {
			isa = PBXGroup;
			children = (
				BFD4E2F21D33D14A0077AD99 /* Views */,
				BFA12B9D1D4228FC00E0221B /* WDLoginViewController.h */,
				BFA12B9E1D4228FC00E0221B /* WDLoginViewController.m */,
			);
			path = Login;
			sourceTree = "<group>";
		};
		BFA12BBF1D423A3800E0221B /* Views */ = {
			isa = PBXGroup;
			children = (
				BFA12BC41D4314C600E0221B /* WDAlarmClockCell.h */,
				BFA12BC51D4314C600E0221B /* WDAlarmClockCell.m */,
			);
			name = Views;
			sourceTree = "<group>";
		};
		BFA12BC01D423A8000E0221B /* Models */ = {
			isa = PBXGroup;
			children = (
				BFA12BC11D43116E00E0221B /* WDAlarmClockModel.h */,
				BFA12BC21D43116E00E0221B /* WDAlarmClockModel.m */,
			);
			name = Models;
			sourceTree = "<group>";
		};
		BFA12BCB1D43676900E0221B /* ZJSwitch */ = {
			isa = PBXGroup;
			children = (
				BFA12BCC1D43676900E0221B /* ZJSwitch.h */,
				BFA12BCD1D43676900E0221B /* ZJSwitch.m */,
			);
			path = ZJSwitch;
			sourceTree = "<group>";
		};
		BFD4E2711D3156CA0077AD99 /* AppDelegate */ = {
			isa = PBXGroup;
			children = (
				BFD4E2921D31F7250077AD99 /* WDAppDelegate.h */,
				BFD4E2931D31F7250077AD99 /* WDAppDelegate.m */,
			);
			name = AppDelegate;
			path = ..;
			sourceTree = "<group>";
		};
		BFD4E2731D31DA9D0077AD99 /* BaseTabBarController */ = {
			isa = PBXGroup;
			children = (
				BFD4E2951D31F7350077AD99 /* WDAppFrameTabBarController.h */,
				BFD4E2961D31F7350077AD99 /* WDAppFrameTabBarController.m */,
			);
			name = BaseTabBarController;
			path = ../..;
			sourceTree = "<group>";
		};
		BFD4E2771D31DB1E0077AD99 /* BaseNavigationController */ = {
			isa = PBXGroup;
			children = (
				BFD4E2971D31F7350077AD99 /* WDNavigationController.h */,
				BFD4E2981D31F7350077AD99 /* WDNavigationController.m */,
			);
			name = BaseNavigationController;
			path = ../..;
			sourceTree = "<group>";
		};
		BFD4E27B1D31DE0E0077AD99 /* Calendar */ = {
			isa = PBXGroup;
			children = (
				BFD4E2831D31DEAA0077AD99 /* Host */,
			);
			path = Calendar;
			sourceTree = "<group>";
		};
		BFD4E27C1D31DE0E0077AD99 /* Home */ = {
			isa = PBXGroup;
			children = (
				BFD4E27F1D31DE520077AD99 /* Host */,
			);
			path = Home;
			sourceTree = "<group>";
		};
		BFD4E27D1D31DE190077AD99 /* Me */ = {
			isa = PBXGroup;
			children = (
				BFA12B8C1D4227FF00E0221B /* AlarmClock */,
				BFA12B8D1D4227FF00E0221B /* Bill */,
				BFA12B8E1D4227FF00E0221B /* Setting */,
				BFA12B8F1D4227FF00E0221B /* Task */,
				BFA12B901D4227FF00E0221B /* Timeline */,
				BFD4E2CB1D3380990077AD99 /* Profile */,
				BFA12B961D42285500E0221B /* Login */,
				BFD4E2871D31DED80077AD99 /* Host */,
			);
			path = Me;
			sourceTree = "<group>";
		};
		BFD4E27E1D31DE190077AD99 /* Record */ = {
			isa = PBXGroup;
			children = (
				BFD4E2851D31DEBA0077AD99 /* Host */,
			);
			path = Record;
			sourceTree = "<group>";
		};
		BFD4E27F1D31DE520077AD99 /* Host */ = {
			isa = PBXGroup;
			children = (
				BFD4E2821D31DE820077AD99 /* Views */,
				BFD4E2811D31DE7A0077AD99 /* Models */,
				BFD4E2801D31DE5A0077AD99 /* Controller */,
			);
			name = Host;
			sourceTree = "<group>";
		};
		BFD4E2801D31DE5A0077AD99 /* Controller */ = {
			isa = PBXGroup;
			children = (
				BFD4E2A51D320DE50077AD99 /* WDHomeTableViewController.h */,
				BFD4E2A61D320DE50077AD99 /* WDHomeTableViewController.m */,
			);
			name = Controller;
			sourceTree = "<group>";
		};
		BFD4E2811D31DE7A0077AD99 /* Models */ = {
			isa = PBXGroup;
			children = (
			);
			name = Models;
			sourceTree = "<group>";
		};
		BFD4E2821D31DE820077AD99 /* Views */ = {
			isa = PBXGroup;
			children = (
			);
			name = Views;
			sourceTree = "<group>";
		};
		BFD4E2831D31DEAA0077AD99 /* Host */ = {
			isa = PBXGroup;
			children = (
				BFD4E2841D31DEB10077AD99 /* Controllers */,
			);
			name = Host;
			sourceTree = "<group>";
		};
		BFD4E2841D31DEB10077AD99 /* Controllers */ = {
			isa = PBXGroup;
			children = (
				BFD4E2A81D320E260077AD99 /* WDCalendarTableViewController.h */,
				BFD4E2A91D320E260077AD99 /* WDCalendarTableViewController.m */,
			);
			name = Controllers;
			sourceTree = "<group>";
		};
		BFD4E2851D31DEBA0077AD99 /* Host */ = {
			isa = PBXGroup;
			children = (
				BFD4E2861D31DEC00077AD99 /* Controllers */,
			);
			name = Host;
			sourceTree = "<group>";
		};
		BFD4E2861D31DEC00077AD99 /* Controllers */ = {
			isa = PBXGroup;
			children = (
				BFD4E2AB1D320E440077AD99 /* WDRecordTableViewController.h */,
				BFD4E2AC1D320E440077AD99 /* WDRecordTableViewController.m */,
			);
			name = Controllers;
			sourceTree = "<group>";
		};
		BFD4E2871D31DED80077AD99 /* Host */ = {
			isa = PBXGroup;
			children = (
				BFD4E2BA1D3296980077AD99 /* Models */,
				BFD4E2B61D3266650077AD99 /* Views */,
				BFD4E2881D31DEDE0077AD99 /* Controllers */,
			);
			name = Host;
			sourceTree = "<group>";
		};
		BFD4E2881D31DEDE0077AD99 /* Controllers */ = {
			isa = PBXGroup;
			children = (
				BFD4E2AE1D320E5B0077AD99 /* WDMeTableViewController.h */,
				BFD4E2AF1D320E5B0077AD99 /* WDMeTableViewController.m */,
			);
			name = Controllers;
			sourceTree = "<group>";
		};
		BFD4E2891D31DF160077AD99 /* BaseTableViewController */ = {
			isa = PBXGroup;
			children = (
				BFD4E2991D31F7350077AD99 /* WDTableViewController.h */,
				BFD4E29A1D31F7350077AD99 /* WDTableViewController.m */,
			);
			name = BaseTableViewController;
			path = ../..;
			sourceTree = "<group>";
		};
		BFD4E28D1D31F6810077AD99 /* Other */ = {
			isa = PBXGroup;
			children = (
				BFD4E2E61D33AC710077AD99 /* Vender */,
				BFD4E2C41D333D0D0077AD99 /* Operation */,
				BFD4E2711D3156CA0077AD99 /* AppDelegate */,
				BFD4E28E1D31F6810077AD99 /* Category */,
				BFD4E28F1D31F6810077AD99 /* Utils */,
				BFD4E2901D31F6810077AD99 /* Controllers */,
				BFD4E2911D31F6810077AD99 /* Views */,
				BFD4E2A11D3203450077AD99 /* PrefixHeader.pch */,
				BFA12BA41D42328100E0221B /* Everything-Bridging-Header.h */,
			);
			path = Other;
			sourceTree = "<group>";
		};
		BFD4E28E1D31F6810077AD99 /* Category */ = {
			isa = PBXGroup;
			children = (
				BFA12B891D41F91600E0221B /* NSDate+Utilities.h */,
				BFA12B8A1D41F91600E0221B /* NSDate+Utilities.m */,
				BFD4E29E1D31F8010077AD99 /* UIBarButtonItem+Extension.h */,
				BFD4E29F1D31F8010077AD99 /* UIBarButtonItem+Extension.m */,
				BFD4E2BE1D329AFC0077AD99 /* UIImageView+Extension.h */,
				BFD4E2BF1D329AFC0077AD99 /* UIImageView+Extension.m */,
				BFD4E2C11D329BA40077AD99 /* UIImage+Extension.h */,
				BFD4E2C21D329BA40077AD99 /* UIImage+Extension.m */,
				BFD4E2EB1D33B1B30077AD99 /* UIButton+Extension.h */,
				BFD4E2EC1D33B1B30077AD99 /* UIButton+Extension.m */,
				BF1F979E1D34915C0002AE6A /* UITextField+Blocks.h */,
				BF1F979F1D34915C0002AE6A /* UITextField+Blocks.m */,
				BF68F1761D363D7800F77FF3 /* NSDictionary+Extension.h */,
				BF68F1771D363D7800F77FF3 /* NSDictionary+Extension.m */,
			);
			path = Category;
			sourceTree = "<group>";
		};
		BFD4E28F1D31F6810077AD99 /* Utils */ = {
			isa = PBXGroup;
			children = (
				BFD4E2B11D320E770077AD99 /* GlobalDefines.h */,
				BFE313B51D35118A002D6E29 /* Utils.h */,
				BFE313B61D35118A002D6E29 /* Utils.m */,
			);
			name = Utils;
			path = Const;
			sourceTree = "<group>";
		};
		BFD4E2901D31F6810077AD99 /* Controllers */ = {
			isa = PBXGroup;
			children = (
				BFD4E2731D31DA9D0077AD99 /* BaseTabBarController */,
				BFD4E2771D31DB1E0077AD99 /* BaseNavigationController */,
				BFD4E2891D31DF160077AD99 /* BaseTableViewController */,
			);
			path = Controllers;
			sourceTree = "<group>";
		};
		BFD4E2911D31F6810077AD99 /* Views */ = {
			isa = PBXGroup;
			children = (
				BFD4E2EF1D33CB710077AD99 /* WDLabelView.h */,
				BFD4E2F01D33CB710077AD99 /* WDLabelView.m */,
			);
			path = Views;
			sourceTree = "<group>";
		};
		BFD4E2B21D3210840077AD99 /* Images */ = {
			isa = PBXGroup;
			children = (
				BF9473E71D2EAA6600D414D9 /* Assets.xcassets */,
			);
			name = Images;
			sourceTree = "<group>";
		};
		BFD4E2B31D325C470077AD99 /* plist */ = {
			isa = PBXGroup;
			children = (
				BFD4E2B41D325C600077AD99 /* me.plist */,
				BFA12BC91D43523A00E0221B /* alarm.plist */,
			);
			path = plist;
			sourceTree = "<group>";
		};
		BFD4E2B61D3266650077AD99 /* Views */ = {
			isa = PBXGroup;
			children = (
				BFD4E2B71D3266950077AD99 /* WDUserTableViewCell.h */,
				BFD4E2B81D3266950077AD99 /* WDUserTableViewCell.m */,
				BFE313C91D35EE79002D6E29 /* WDCommonTableViewCell.h */,
				BFE313CA1D35EE79002D6E29 /* WDCommonTableViewCell.m */,
			);
			name = Views;
			sourceTree = "<group>";
		};
		BFD4E2BA1D3296980077AD99 /* Models */ = {
			isa = PBXGroup;
			children = (
				BFD4E2BB1D3296BB0077AD99 /* WDUserModel.h */,
				BFD4E2BC1D3296BB0077AD99 /* WDUserModel.m */,
				BFE313CC1D35EEA3002D6E29 /* WDCellModel.h */,
				BFE313CD1D35EEA3002D6E29 /* WDCellModel.m */,
			);
			name = Models;
			sourceTree = "<group>";
		};
		BFD4E2C41D333D0D0077AD99 /* Operation */ = {
			isa = PBXGroup;
			children = (
				BFD4E2C51D333D260077AD99 /* WDNetOperation.h */,
				BFD4E2C61D333D260077AD99 /* WDNetOperation.m */,
			);
			name = Operation;
			sourceTree = "<group>";
		};
		BFD4E2CB1D3380990077AD99 /* Profile */ = {
			isa = PBXGroup;
			children = (
				BFD4E2CC1D3380A50077AD99 /* Controllers */,
			);
			name = Profile;
			sourceTree = "<group>";
		};
		BFD4E2CC1D3380A50077AD99 /* Controllers */ = {
			isa = PBXGroup;
			children = (
				BFD4E2CD1D3380E00077AD99 /* WDProfileViewController.h */,
				BFD4E2CE1D3380E00077AD99 /* WDProfileViewController.m */,
				BF68F17A1D36B85800F77FF3 /* WDEditNickNameViewController.h */,
				BF68F17B1D36B85800F77FF3 /* WDEditNickNameViewController.m */,
				BF68F17D1D36C7AF00F77FF3 /* WDAutographViewController.h */,
				BF68F17E1D36C7AF00F77FF3 /* WDAutographViewController.m */,
			);
			name = Controllers;
			sourceTree = "<group>";
		};
		BFD4E2E61D33AC710077AD99 /* Vender */ = {
			isa = PBXGroup;
			children = (
				BFA12BCB1D43676900E0221B /* ZJSwitch */,
				BFA12B7F1D41D19C00E0221B /* ActionSheetPicker */,
				BF68F1801D374D3C00F77FF3 /* FJChooseCity */,
				BFE313B81D354869002D6E29 /* SVProgressHUD */,
				BFD4E2E71D33ACD20077AD99 /* LTInfiniteScrollView */,
			);
			path = Vender;
			sourceTree = "<group>";
		};
		BFD4E2E71D33ACD20077AD99 /* LTInfiniteScrollView */ = {
			isa = PBXGroup;
			children = (
				BFD4E2E81D33ACD20077AD99 /* LTInfiniteScrollView.h */,
				BFD4E2E91D33ACD20077AD99 /* LTInfiniteScrollView.m */,
			);
			path = LTInfiniteScrollView;
			sourceTree = "<group>";
		};
		BFD4E2F21D33D14A0077AD99 /* Views */ = {
			isa = PBXGroup;
			children = (
				BFA12B9A1D4228F400E0221B /* WDLoginEditView.h */,
				BFA12B9B1D4228F400E0221B /* WDLoginEditView.m */,
			);
			name = Views;
			path = ..;
			sourceTree = "<group>";
		};
		BFE313B81D354869002D6E29 /* SVProgressHUD */ = {
			isa = PBXGroup;
			children = (
				BFE313B91D354869002D6E29 /* SVIndefiniteAnimatedView.h */,
				BFE313BA1D354869002D6E29 /* SVIndefiniteAnimatedView.m */,
				BFE313BB1D354869002D6E29 /* SVProgressAnimatedView.h */,
				BFE313BC1D354869002D6E29 /* SVProgressAnimatedView.m */,
				BFE313BD1D354869002D6E29 /* SVProgressHUD.bundle */,
				BFE313BE1D354869002D6E29 /* SVProgressHUD.h */,
				BFE313BF1D354869002D6E29 /* SVProgressHUD.m */,
				BFE313C01D354869002D6E29 /* SVRadialGradientLayer.h */,
				BFE313C11D354869002D6E29 /* SVRadialGradientLayer.m */,
			);
			path = SVProgressHUD;
			sourceTree = "<group>";
		};
/* End PBXGroup section */

/* Begin PBXNativeTarget section */
		BF9473D71D2EAA6600D414D9 /* Everything */ = {
			isa = PBXNativeTarget;
			buildConfigurationList = BF9474051D2EAA6600D414D9 /* Build configuration list for PBXNativeTarget "Everything" */;
			buildPhases = (
				63417DC3A57D9B35D9A9D155 /* [CP] Check Pods Manifest.lock */,
				BF9473D41D2EAA6600D414D9 /* Sources */,
				BF9473D51D2EAA6600D414D9 /* Frameworks */,
				BF9473D61D2EAA6600D414D9 /* Resources */,
				29EB34AF3EA7383FEE65B449 /* [CP] Embed Pods Frameworks */,
				B1980390C7383B0890FF8517 /* [CP] Copy Pods Resources */,
			);
			buildRules = (
			);
			dependencies = (
			);
			name = Everything;
			productName = Everything;
			productReference = BF9473D81D2EAA6600D414D9 /* EVE.app */;
			productType = "com.apple.product-type.application";
		};
		BF9473F01D2EAA6600D414D9 /* EverythingTests */ = {
			isa = PBXNativeTarget;
			buildConfigurationList = BF9474081D2EAA6600D414D9 /* Build configuration list for PBXNativeTarget "EverythingTests" */;
			buildPhases = (
				BF9473ED1D2EAA6600D414D9 /* Sources */,
				BF9473EE1D2EAA6600D414D9 /* Frameworks */,
				BF9473EF1D2EAA6600D414D9 /* Resources */,
			);
			buildRules = (
			);
			dependencies = (
				BF9473F31D2EAA6600D414D9 /* PBXTargetDependency */,
			);
			name = EverythingTests;
			productName = EverythingTests;
			productReference = BF9473F11D2EAA6600D414D9 /* EverythingTests.xctest */;
			productType = "com.apple.product-type.bundle.unit-test";
		};
		BF9473FB1D2EAA6600D414D9 /* EverythingUITests */ = {
			isa = PBXNativeTarget;
			buildConfigurationList = BF94740B1D2EAA6600D414D9 /* Build configuration list for PBXNativeTarget "EverythingUITests" */;
			buildPhases = (
				BF9473F81D2EAA6600D414D9 /* Sources */,
				BF9473F91D2EAA6600D414D9 /* Frameworks */,
				BF9473FA1D2EAA6600D414D9 /* Resources */,
			);
			buildRules = (
			);
			dependencies = (
				BF9473FE1D2EAA6600D414D9 /* PBXTargetDependency */,
			);
			name = EverythingUITests;
			productName = EverythingUITests;
			productReference = BF9473FC1D2EAA6600D414D9 /* EverythingUITests.xctest */;
			productType = "com.apple.product-type.bundle.ui-testing";
		};
/* End PBXNativeTarget section */

/* Begin PBXProject section */
		BF9473D01D2EAA6600D414D9 /* Project object */ = {
			isa = PBXProject;
			attributes = {
				CLASSPREFIX = WD;
				LastUpgradeCheck = 0730;
				ORGANIZATIONNAME = Louis;
				TargetAttributes = {
					BF9473D71D2EAA6600D414D9 = {
						CreatedOnToolsVersion = 7.3.1;
					};
					BF9473F01D2EAA6600D414D9 = {
						CreatedOnToolsVersion = 7.3.1;
						TestTargetID = BF9473D71D2EAA6600D414D9;
					};
					BF9473FB1D2EAA6600D414D9 = {
						CreatedOnToolsVersion = 7.3.1;
						TestTargetID = BF9473D71D2EAA6600D414D9;
					};
				};
			};
			buildConfigurationList = BF9473D31D2EAA6600D414D9 /* Build configuration list for PBXProject "Everything" */;
			compatibilityVersion = "Xcode 3.2";
			developmentRegion = English;
			hasScannedForEncodings = 0;
			knownRegions = (
				en,
				Base,
			);
			mainGroup = BF9473CF1D2EAA6600D414D9;
			productRefGroup = BF9473D91D2EAA6600D414D9 /* Products */;
			projectDirPath = "";
			projectRoot = "";
			targets = (
				BF9473D71D2EAA6600D414D9 /* Everything */,
				BF9473F01D2EAA6600D414D9 /* EverythingTests */,
				BF9473FB1D2EAA6600D414D9 /* EverythingUITests */,
			);
		};
/* End PBXProject section */

/* Begin PBXResourcesBuildPhase section */
		BF9473D61D2EAA6600D414D9 /* Resources */ = {
			isa = PBXResourcesBuildPhase;
			buildActionMask = 2147483647;
			files = (
				BFA12BCA1D43523A00E0221B /* alarm.plist in Resources */,
				BFD4E2B51D325C600077AD99 /* me.plist in Resources */,
				BF9473EB1D2EAA6600D414D9 /* LaunchScreen.storyboard in Resources */,
				BF9473E81D2EAA6600D414D9 /* Assets.xcassets in Resources */,
				BF68F1B41D374D3C00F77FF3 /* meituan_cities.db in Resources */,
				BFE313C41D354869002D6E29 /* SVProgressHUD.bundle in Resources */,
			);
			runOnlyForDeploymentPostprocessing = 0;
		};
		BF9473EF1D2EAA6600D414D9 /* Resources */ = {
			isa = PBXResourcesBuildPhase;
			buildActionMask = 2147483647;
			files = (
			);
			runOnlyForDeploymentPostprocessing = 0;
		};
		BF9473FA1D2EAA6600D414D9 /* Resources */ = {
			isa = PBXResourcesBuildPhase;
			buildActionMask = 2147483647;
			files = (
			);
			runOnlyForDeploymentPostprocessing = 0;
		};
/* End PBXResourcesBuildPhase section */

/* Begin PBXShellScriptBuildPhase section */
		29EB34AF3EA7383FEE65B449 /* [CP] Embed Pods Frameworks */ = {
			isa = PBXShellScriptBuildPhase;
			buildActionMask = 2147483647;
			files = (
			);
			inputPaths = (
			);
			name = "[CP] Embed Pods Frameworks";
			outputPaths = (
			);
			runOnlyForDeploymentPostprocessing = 0;
			shellPath = /bin/sh;
			shellScript = "\"${SRCROOT}/Pods/Target Support Files/Pods-Everything/Pods-Everything-frameworks.sh\"\n";
			showEnvVarsInLog = 0;
		};
		63417DC3A57D9B35D9A9D155 /* [CP] Check Pods Manifest.lock */ = {
			isa = PBXShellScriptBuildPhase;
			buildActionMask = 2147483647;
			files = (
			);
			inputPaths = (
			);
			name = "[CP] Check Pods Manifest.lock";
			outputPaths = (
			);
			runOnlyForDeploymentPostprocessing = 0;
			shellPath = /bin/sh;
			shellScript = "diff \"${PODS_ROOT}/../Podfile.lock\" \"${PODS_ROOT}/Manifest.lock\" > /dev/null\nif [[ $? != 0 ]] ; then\n    cat << EOM\nerror: The sandbox is not in sync with the Podfile.lock. Run 'pod install' or update your CocoaPods installation.\nEOM\n    exit 1\nfi\n";
			showEnvVarsInLog = 0;
		};
		B1980390C7383B0890FF8517 /* [CP] Copy Pods Resources */ = {
			isa = PBXShellScriptBuildPhase;
			buildActionMask = 2147483647;
			files = (
			);
			inputPaths = (
			);
			name = "[CP] Copy Pods Resources";
			outputPaths = (
			);
			runOnlyForDeploymentPostprocessing = 0;
			shellPath = /bin/sh;
			shellScript = "\"${SRCROOT}/Pods/Target Support Files/Pods-Everything/Pods-Everything-resources.sh\"\n";
			showEnvVarsInLog = 0;
		};
/* End PBXShellScriptBuildPhase section */

/* Begin PBXSourcesBuildPhase section */
		BF9473D41D2EAA6600D414D9 /* Sources */ = {
			isa = PBXSourcesBuildPhase;
			buildActionMask = 2147483647;
			files = (
<<<<<<< HEAD
<<<<<<< HEAD
<<<<<<< HEAD
=======
				BFE313C21D354869002D6E29 /* SVIndefiniteAnimatedView.m in Sources */,
>>>>>>> develop
=======
				BF68F1AB1D374D3C00F77FF3 /* MASConstraint.m in Sources */,
				BFE313C21D354869002D6E29 /* SVIndefiniteAnimatedView.m in Sources */,
				BF68F1A71D374D3C00F77FF3 /* ChooseCityModel.m in Sources */,
>>>>>>> develop
				BFD4E2A01D31F8010077AD99 /* UIBarButtonItem+Extension.m in Sources */,
				BF68F1AA1D374D3C00F77FF3 /* MASCompositeConstraint.m in Sources */,
				BFD4E29D1D31F7350077AD99 /* WDTableViewController.m in Sources */,
				BF68F1B01D374D3C00F77FF3 /* NSArray+MASAdditions.m in Sources */,
				BFD4E2B01D320E5B0077AD99 /* WDMeTableViewController.m in Sources */,
<<<<<<< HEAD
<<<<<<< HEAD
=======
				BF9473E01D2EAA6600D414D9 /* WDAppDelegate.m in Sources */,
>>>>>>> 583deebec5e73087410d102ac4fbe6ee1a17a408
=======
				BFD4E2BD1D3296BB0077AD99 /* WDUserModel.m in Sources */,
<<<<<<< HEAD
>>>>>>> develop
=======
				BFE313C51D354869002D6E29 /* SVProgressHUD.m in Sources */,
>>>>>>> develop
=======
				BF68F1B21D374D3C00F77FF3 /* View+MASAdditions.m in Sources */,
				BFD4E2BD1D3296BB0077AD99 /* WDUserModel.m in Sources */,
				BF68F1AC1D374D3C00F77FF3 /* MASConstraintMaker.m in Sources */,
				BFE313C51D354869002D6E29 /* SVProgressHUD.m in Sources */,
				BF68F1B11D374D3C00F77FF3 /* NSLayoutConstraint+MASDebugAdditions.m in Sources */,
				BF68F1A81D374D3C00F77FF3 /* ChooseCityViewController.m in Sources */,
>>>>>>> develop
				BF9473DD1D2EAA6600D414D9 /* main.m in Sources */,
				BF68F1AD1D374D3C00F77FF3 /* MASLayoutConstraint.m in Sources */,
				BFE313C61D354869002D6E29 /* SVRadialGradientLayer.m in Sources */,
				BF68F1A91D374D3C00F77FF3 /* CLLocation+YCLocation.m in Sources */,
				BFD4E2ED1D33B1B30077AD99 /* UIButton+Extension.m in Sources */,
				BFA12B9C1D4228F400E0221B /* WDLoginEditView.m in Sources */,
				BFD4E2C71D333D260077AD99 /* WDNetOperation.m in Sources */,
				BFD4E2B91D3266950077AD99 /* WDUserTableViewCell.m in Sources */,
				BFA12BA21D4229EE00E0221B /* WDAlarmClockViewController.m in Sources */,
				BFA12BC61D4314C600E0221B /* WDAlarmClockCell.m in Sources */,
				BFD4E2C01D329AFC0077AD99 /* UIImageView+Extension.m in Sources */,
				BF68F17C1D36B85800F77FF3 /* WDEditNickNameViewController.m in Sources */,
				BF68F1781D363D7800F77FF3 /* NSDictionary+Extension.m in Sources */,
				BF68F1A61D374D3C00F77FF3 /* CCLocationManager.m in Sources */,
				BF1F97A01D34915C0002AE6A /* UITextField+Blocks.m in Sources */,
				BF68F1B51D374D3C00F77FF3 /* SqlDataBase.m in Sources */,
				BFD4E2C31D329BA40077AD99 /* UIImage+Extension.m in Sources */,
				BF68F1AE1D374D3C00F77FF3 /* MASViewAttribute.m in Sources */,
				BFA12B8B1D41F91600E0221B /* NSDate+Utilities.m in Sources */,
				BFD4E2F11D33CB710077AD99 /* WDLabelView.m in Sources */,
				BFA12BCE1D43676900E0221B /* ZJSwitch.m in Sources */,
				BFD4E29B1D31F7350077AD99 /* WDAppFrameTabBarController.m in Sources */,
				BFD4E29C1D31F7350077AD99 /* WDNavigationController.m in Sources */,
				BFE313CE1D35EEA3002D6E29 /* WDCellModel.m in Sources */,
				BFE313B71D35118A002D6E29 /* Utils.m in Sources */,
				BFE313CB1D35EE79002D6E29 /* WDCommonTableViewCell.m in Sources */,
				BFA12B881D41E48E00E0221B /* WDActionSheetPickerView.m in Sources */,
				BF68F1B31D374D3C00F77FF3 /* ViewController+MASAdditions.m in Sources */,
				BFA12B821D41D1EC00E0221B /* WDYearMonthDatePickView.m in Sources */,
				BFA12BD41D43D82C00E0221B /* WDAlarmEditViewController.m in Sources */,
				BFE313C31D354869002D6E29 /* SVProgressAnimatedView.m in Sources */,
				BFD4E2CF1D3380E00077AD99 /* WDProfileViewController.m in Sources */,
				BFA12BC31D43116E00E0221B /* WDAlarmClockModel.m in Sources */,
				BFD4E2AD1D320E440077AD99 /* WDRecordTableViewController.m in Sources */,
				BF68F17F1D36C7AF00F77FF3 /* WDAutographViewController.m in Sources */,
				BFD4E2941D31F7250077AD99 /* WDAppDelegate.m in Sources */,
				BFA12B851D41D7A700E0221B /* WDActionSheetViewController.m in Sources */,
				BFD4E2AA1D320E260077AD99 /* WDCalendarTableViewController.m in Sources */,
				BF68F1AF1D374D3C00F77FF3 /* MASViewConstraint.m in Sources */,
				BFD4E2EA1D33ACD20077AD99 /* LTInfiniteScrollView.m in Sources */,
				BFA12B9F1D4228FC00E0221B /* WDLoginViewController.m in Sources */,
				BFD4E2A71D320DE50077AD99 /* WDHomeTableViewController.m in Sources */,
			);
			runOnlyForDeploymentPostprocessing = 0;
		};
		BF9473ED1D2EAA6600D414D9 /* Sources */ = {
			isa = PBXSourcesBuildPhase;
			buildActionMask = 2147483647;
			files = (
				BF9473F61D2EAA6600D414D9 /* EverythingTests.m in Sources */,
			);
			runOnlyForDeploymentPostprocessing = 0;
		};
		BF9473F81D2EAA6600D414D9 /* Sources */ = {
			isa = PBXSourcesBuildPhase;
			buildActionMask = 2147483647;
			files = (
				BF9474011D2EAA6600D414D9 /* EverythingUITests.m in Sources */,
			);
			runOnlyForDeploymentPostprocessing = 0;
		};
/* End PBXSourcesBuildPhase section */

/* Begin PBXTargetDependency section */
		BF9473F31D2EAA6600D414D9 /* PBXTargetDependency */ = {
			isa = PBXTargetDependency;
			target = BF9473D71D2EAA6600D414D9 /* Everything */;
			targetProxy = BF9473F21D2EAA6600D414D9 /* PBXContainerItemProxy */;
		};
		BF9473FE1D2EAA6600D414D9 /* PBXTargetDependency */ = {
			isa = PBXTargetDependency;
			target = BF9473D71D2EAA6600D414D9 /* Everything */;
			targetProxy = BF9473FD1D2EAA6600D414D9 /* PBXContainerItemProxy */;
		};
/* End PBXTargetDependency section */

/* Begin PBXVariantGroup section */
		BF9473E91D2EAA6600D414D9 /* LaunchScreen.storyboard */ = {
			isa = PBXVariantGroup;
			children = (
				BF9473EA1D2EAA6600D414D9 /* Base */,
			);
			name = LaunchScreen.storyboard;
			sourceTree = "<group>";
		};
/* End PBXVariantGroup section */

/* Begin XCBuildConfiguration section */
		BF9474031D2EAA6600D414D9 /* Debug */ = {
			isa = XCBuildConfiguration;
			buildSettings = {
				ALWAYS_SEARCH_USER_PATHS = NO;
				CLANG_ANALYZER_NONNULL = YES;
				CLANG_CXX_LANGUAGE_STANDARD = "gnu++0x";
				CLANG_CXX_LIBRARY = "libc++";
				CLANG_ENABLE_MODULES = YES;
				CLANG_ENABLE_OBJC_ARC = YES;
				CLANG_WARN_BOOL_CONVERSION = YES;
				CLANG_WARN_CONSTANT_CONVERSION = YES;
				CLANG_WARN_DIRECT_OBJC_ISA_USAGE = YES_ERROR;
				CLANG_WARN_EMPTY_BODY = YES;
				CLANG_WARN_ENUM_CONVERSION = YES;
				CLANG_WARN_INT_CONVERSION = YES;
				CLANG_WARN_OBJC_ROOT_CLASS = YES_ERROR;
				CLANG_WARN_UNREACHABLE_CODE = YES;
				CLANG_WARN__DUPLICATE_METHOD_MATCH = YES;
				"CODE_SIGN_IDENTITY[sdk=iphoneos*]" = "iPhone Developer";
				COPY_PHASE_STRIP = NO;
				DEBUG_INFORMATION_FORMAT = dwarf;
				ENABLE_STRICT_OBJC_MSGSEND = YES;
				ENABLE_TESTABILITY = YES;
				GCC_C_LANGUAGE_STANDARD = gnu99;
				GCC_DYNAMIC_NO_PIC = NO;
				GCC_NO_COMMON_BLOCKS = YES;
				GCC_OPTIMIZATION_LEVEL = 0;
				GCC_PREFIX_HEADER = Everything/Other/PrefixHeader.pch;
				GCC_PREPROCESSOR_DEFINITIONS = (
					"DEBUG=1",
					"$(inherited)",
				);
				GCC_WARN_64_TO_32_BIT_CONVERSION = YES;
				GCC_WARN_ABOUT_RETURN_TYPE = YES_ERROR;
				GCC_WARN_UNDECLARED_SELECTOR = YES;
				GCC_WARN_UNINITIALIZED_AUTOS = YES_AGGRESSIVE;
				GCC_WARN_UNUSED_FUNCTION = YES;
				GCC_WARN_UNUSED_VARIABLE = YES;
				IPHONEOS_DEPLOYMENT_TARGET = 9.3;
				MTL_ENABLE_DEBUG_INFO = YES;
				ONLY_ACTIVE_ARCH = YES;
				SDKROOT = iphoneos;
			};
			name = Debug;
		};
		BF9474041D2EAA6600D414D9 /* Release */ = {
			isa = XCBuildConfiguration;
			buildSettings = {
				ALWAYS_SEARCH_USER_PATHS = NO;
				CLANG_ANALYZER_NONNULL = YES;
				CLANG_CXX_LANGUAGE_STANDARD = "gnu++0x";
				CLANG_CXX_LIBRARY = "libc++";
				CLANG_ENABLE_MODULES = YES;
				CLANG_ENABLE_OBJC_ARC = YES;
				CLANG_WARN_BOOL_CONVERSION = YES;
				CLANG_WARN_CONSTANT_CONVERSION = YES;
				CLANG_WARN_DIRECT_OBJC_ISA_USAGE = YES_ERROR;
				CLANG_WARN_EMPTY_BODY = YES;
				CLANG_WARN_ENUM_CONVERSION = YES;
				CLANG_WARN_INT_CONVERSION = YES;
				CLANG_WARN_OBJC_ROOT_CLASS = YES_ERROR;
				CLANG_WARN_UNREACHABLE_CODE = YES;
				CLANG_WARN__DUPLICATE_METHOD_MATCH = YES;
				"CODE_SIGN_IDENTITY[sdk=iphoneos*]" = "iPhone Developer";
				COPY_PHASE_STRIP = NO;
				DEBUG_INFORMATION_FORMAT = "dwarf-with-dsym";
				ENABLE_NS_ASSERTIONS = NO;
				ENABLE_STRICT_OBJC_MSGSEND = YES;
				GCC_C_LANGUAGE_STANDARD = gnu99;
				GCC_NO_COMMON_BLOCKS = YES;
				GCC_PREFIX_HEADER = Everything/Other/PrefixHeader.pch;
				GCC_WARN_64_TO_32_BIT_CONVERSION = YES;
				GCC_WARN_ABOUT_RETURN_TYPE = YES_ERROR;
				GCC_WARN_UNDECLARED_SELECTOR = YES;
				GCC_WARN_UNINITIALIZED_AUTOS = YES_AGGRESSIVE;
				GCC_WARN_UNUSED_FUNCTION = YES;
				GCC_WARN_UNUSED_VARIABLE = YES;
				IPHONEOS_DEPLOYMENT_TARGET = 9.3;
				MTL_ENABLE_DEBUG_INFO = NO;
				SDKROOT = iphoneos;
				VALIDATE_PRODUCT = YES;
			};
			name = Release;
		};
		BF9474061D2EAA6600D414D9 /* Debug */ = {
			isa = XCBuildConfiguration;
			baseConfigurationReference = C78CA0EB9161AFBD1F2E4F5D /* Pods-Everything.debug.xcconfig */;
			buildSettings = {
				ASSETCATALOG_COMPILER_APPICON_NAME = AppIcon;
				CLANG_ENABLE_MODULES = YES;
				CODE_SIGN_IDENTITY = "iPhone Developer";
				DEFINES_MODULE = YES;
				INFOPLIST_FILE = Everything/Info.plist;
				IPHONEOS_DEPLOYMENT_TARGET = 8.0;
				LD_RUNPATH_SEARCH_PATHS = "$(inherited) @executable_path/Frameworks";
				PRODUCT_BUNDLE_IDENTIFIER = cn.edu.Tsinghua.Everything;
				PRODUCT_MODULE_NAME = Everything;
				PRODUCT_NAME = EVE;
				SWIFT_OBJC_BRIDGING_HEADER = "Everything/Other/Everything-Bridging-Header.h";
				SWIFT_OPTIMIZATION_LEVEL = "-Onone";
			};
			name = Debug;
		};
		BF9474071D2EAA6600D414D9 /* Release */ = {
			isa = XCBuildConfiguration;
			baseConfigurationReference = 0788E0A78F01A0DFA46D6B71 /* Pods-Everything.release.xcconfig */;
			buildSettings = {
				ASSETCATALOG_COMPILER_APPICON_NAME = AppIcon;
				CLANG_ENABLE_MODULES = YES;
				CODE_SIGN_IDENTITY = "iPhone Developer";
				DEFINES_MODULE = YES;
				INFOPLIST_FILE = Everything/Info.plist;
				IPHONEOS_DEPLOYMENT_TARGET = 8.0;
				LD_RUNPATH_SEARCH_PATHS = "$(inherited) @executable_path/Frameworks";
				PRODUCT_BUNDLE_IDENTIFIER = cn.edu.Tsinghua.Everything;
				PRODUCT_MODULE_NAME = Everything;
				PRODUCT_NAME = EVE;
				SWIFT_OBJC_BRIDGING_HEADER = "Everything/Other/Everything-Bridging-Header.h";
			};
			name = Release;
		};
		BF9474091D2EAA6600D414D9 /* Debug */ = {
			isa = XCBuildConfiguration;
			buildSettings = {
				BUNDLE_LOADER = "$(TEST_HOST)";
				INFOPLIST_FILE = EverythingTests/Info.plist;
				LD_RUNPATH_SEARCH_PATHS = "$(inherited) @executable_path/Frameworks @loader_path/Frameworks";
				PRODUCT_BUNDLE_IDENTIFIER = cn.edu.Tsinghua.EverythingTests;
				PRODUCT_NAME = "$(TARGET_NAME)";
				TEST_HOST = "$(BUILT_PRODUCTS_DIR)/Everything.app/Everything";
			};
			name = Debug;
		};
		BF94740A1D2EAA6600D414D9 /* Release */ = {
			isa = XCBuildConfiguration;
			buildSettings = {
				BUNDLE_LOADER = "$(TEST_HOST)";
				INFOPLIST_FILE = EverythingTests/Info.plist;
				LD_RUNPATH_SEARCH_PATHS = "$(inherited) @executable_path/Frameworks @loader_path/Frameworks";
				PRODUCT_BUNDLE_IDENTIFIER = cn.edu.Tsinghua.EverythingTests;
				PRODUCT_NAME = "$(TARGET_NAME)";
				TEST_HOST = "$(BUILT_PRODUCTS_DIR)/Everything.app/Everything";
			};
			name = Release;
		};
		BF94740C1D2EAA6600D414D9 /* Debug */ = {
			isa = XCBuildConfiguration;
			buildSettings = {
				INFOPLIST_FILE = EverythingUITests/Info.plist;
				LD_RUNPATH_SEARCH_PATHS = "$(inherited) @executable_path/Frameworks @loader_path/Frameworks";
				PRODUCT_BUNDLE_IDENTIFIER = cn.edu.Tsinghua.EverythingUITests;
				PRODUCT_NAME = "$(TARGET_NAME)";
				TEST_TARGET_NAME = Everything;
			};
			name = Debug;
		};
		BF94740D1D2EAA6600D414D9 /* Release */ = {
			isa = XCBuildConfiguration;
			buildSettings = {
				INFOPLIST_FILE = EverythingUITests/Info.plist;
				LD_RUNPATH_SEARCH_PATHS = "$(inherited) @executable_path/Frameworks @loader_path/Frameworks";
				PRODUCT_BUNDLE_IDENTIFIER = cn.edu.Tsinghua.EverythingUITests;
				PRODUCT_NAME = "$(TARGET_NAME)";
				TEST_TARGET_NAME = Everything;
			};
			name = Release;
		};
/* End XCBuildConfiguration section */

/* Begin XCConfigurationList section */
		BF9473D31D2EAA6600D414D9 /* Build configuration list for PBXProject "Everything" */ = {
			isa = XCConfigurationList;
			buildConfigurations = (
				BF9474031D2EAA6600D414D9 /* Debug */,
				BF9474041D2EAA6600D414D9 /* Release */,
			);
			defaultConfigurationIsVisible = 0;
			defaultConfigurationName = Release;
		};
		BF9474051D2EAA6600D414D9 /* Build configuration list for PBXNativeTarget "Everything" */ = {
			isa = XCConfigurationList;
			buildConfigurations = (
				BF9474061D2EAA6600D414D9 /* Debug */,
				BF9474071D2EAA6600D414D9 /* Release */,
			);
			defaultConfigurationIsVisible = 0;
			defaultConfigurationName = Release;
		};
		BF9474081D2EAA6600D414D9 /* Build configuration list for PBXNativeTarget "EverythingTests" */ = {
			isa = XCConfigurationList;
			buildConfigurations = (
				BF9474091D2EAA6600D414D9 /* Debug */,
				BF94740A1D2EAA6600D414D9 /* Release */,
			);
			defaultConfigurationIsVisible = 0;
			defaultConfigurationName = Release;
		};
		BF94740B1D2EAA6600D414D9 /* Build configuration list for PBXNativeTarget "EverythingUITests" */ = {
			isa = XCConfigurationList;
			buildConfigurations = (
				BF94740C1D2EAA6600D414D9 /* Debug */,
				BF94740D1D2EAA6600D414D9 /* Release */,
			);
			defaultConfigurationIsVisible = 0;
			defaultConfigurationName = Release;
		};
/* End XCConfigurationList section */
	};
	rootObject = BF9473D01D2EAA6600D414D9 /* Project object */;
}
